// !$*UTF8*$!
{
	archiveVersion = 1;
	classes = {
	};
	objectVersion = 56;
	objects = {

/* Begin PBXBuildFile section */
		1A4E7F7B2A89C4680009D0B6 /* ColorExtension.swift in Sources */ = {isa = PBXBuildFile; fileRef = 1A4E7F7A2A89C4680009D0B6 /* ColorExtension.swift */; };
		1A4E7F7E2A8B19120009D0B6 /* DetectOrientation.swift in Sources */ = {isa = PBXBuildFile; fileRef = 1A4E7F7D2A8B19120009D0B6 /* DetectOrientation.swift */; };
		1A4E7F802A8B28620009D0B6 /* OrientationView.swift in Sources */ = {isa = PBXBuildFile; fileRef = 1A4E7F7F2A8B28620009D0B6 /* OrientationView.swift */; };
		1A4E7F822A8B5F8B0009D0B6 /* helper.swift in Sources */ = {isa = PBXBuildFile; fileRef = 1A4E7F812A8B5F8B0009D0B6 /* helper.swift */; };
		1A704C652A806FE800CBEF26 /* MultiListApp.swift in Sources */ = {isa = PBXBuildFile; fileRef = 1A704C642A806FE800CBEF26 /* MultiListApp.swift */; };
		1A704C672A806FE800CBEF26 /* ContentView.swift in Sources */ = {isa = PBXBuildFile; fileRef = 1A704C662A806FE800CBEF26 /* ContentView.swift */; };
		1A704C692A806FE800CBEF26 /* Assets.xcassets in Resources */ = {isa = PBXBuildFile; fileRef = 1A704C682A806FE800CBEF26 /* Assets.xcassets */; };
		1A704C6C2A806FE800CBEF26 /* Preview Assets.xcassets in Resources */ = {isa = PBXBuildFile; fileRef = 1A704C6B2A806FE800CBEF26 /* Preview Assets.xcassets */; };
		1A704C6E2A806FE800CBEF26 /* Persistence.swift in Sources */ = {isa = PBXBuildFile; fileRef = 1A704C6D2A806FE800CBEF26 /* Persistence.swift */; };
		1A704C712A806FE800CBEF26 /* MultiList.xcdatamodeld in Sources */ = {isa = PBXBuildFile; fileRef = 1A704C6F2A806FE800CBEF26 /* MultiList.xcdatamodeld */; };
		1A704C782A8070A300CBEF26 /* LoginView.swift in Sources */ = {isa = PBXBuildFile; fileRef = 1A704C772A8070A300CBEF26 /* LoginView.swift */; };
		1A704C7D2A8070D800CBEF26 /* LoginViewModel.swift in Sources */ = {isa = PBXBuildFile; fileRef = 1A704C7C2A8070D800CBEF26 /* LoginViewModel.swift */; };
		1A704C7F2A80736400CBEF26 /* ButtonScaleEffect.swift in Sources */ = {isa = PBXBuildFile; fileRef = 1A704C7E2A80736400CBEF26 /* ButtonScaleEffect.swift */; };
		1A8412332A8081EF00BD1BF5 /* FirebaseAuth in Frameworks */ = {isa = PBXBuildFile; productRef = 1A8412322A8081EF00BD1BF5 /* FirebaseAuth */; };
		1A8412352A8081EF00BD1BF5 /* FirebaseFirestore in Frameworks */ = {isa = PBXBuildFile; productRef = 1A8412342A8081EF00BD1BF5 /* FirebaseFirestore */; };
		1A8412372A8081EF00BD1BF5 /* FirebaseRemoteConfig in Frameworks */ = {isa = PBXBuildFile; productRef = 1A8412362A8081EF00BD1BF5 /* FirebaseRemoteConfig */; };
		1A8412392A8081EF00BD1BF5 /* FirebaseStorage in Frameworks */ = {isa = PBXBuildFile; productRef = 1A8412382A8081EF00BD1BF5 /* FirebaseStorage */; };
		1A84123F2A808D6C00BD1BF5 /* Langguages.swift in Sources */ = {isa = PBXBuildFile; fileRef = 1A84123E2A808D6C00BD1BF5 /* Langguages.swift */; };
		1A8412432A80987D00BD1BF5 /* GoogleSignIn in Frameworks */ = {isa = PBXBuildFile; productRef = 1A8412422A80987D00BD1BF5 /* GoogleSignIn */; };
		1A8412482A80A66900BD1BF5 /* HomeView.swift in Sources */ = {isa = PBXBuildFile; fileRef = 1A8412472A80A66900BD1BF5 /* HomeView.swift */; };
		1A84124A2A80A6C000BD1BF5 /* HomeViewModel.swift in Sources */ = {isa = PBXBuildFile; fileRef = 1A8412492A80A6C000BD1BF5 /* HomeViewModel.swift */; };
		1A8412502A82571800BD1BF5 /* KakaoSDKAuth in Frameworks */ = {isa = PBXBuildFile; productRef = 1A84124F2A82571800BD1BF5 /* KakaoSDKAuth */; };
		1A8412522A82571800BD1BF5 /* KakaoSDKCommon in Frameworks */ = {isa = PBXBuildFile; productRef = 1A8412512A82571800BD1BF5 /* KakaoSDKCommon */; };
		1A8412542A82571800BD1BF5 /* KakaoSDKShare in Frameworks */ = {isa = PBXBuildFile; productRef = 1A8412532A82571800BD1BF5 /* KakaoSDKShare */; };
		1A8412562A82571800BD1BF5 /* KakaoSDKUser in Frameworks */ = {isa = PBXBuildFile; productRef = 1A8412552A82571800BD1BF5 /* KakaoSDKUser */; };
		1A84125B2A84937700BD1BF5 /* GoogleService-Info.plist in Resources */ = {isa = PBXBuildFile; fileRef = 1A84125A2A84937700BD1BF5 /* GoogleService-Info.plist */; };
		1A84125C2A84D22B00BD1BF5 /* Pods_MultiList.framework in Frameworks */ = {isa = PBXBuildFile; fileRef = E5DA7AE246DE9064DFE79F85 /* Pods_MultiList.framework */; };
		1A8412602A860C1300BD1BF5 /* UserSettingView.swift in Sources */ = {isa = PBXBuildFile; fileRef = 1A84125F2A860C1300BD1BF5 /* UserSettingView.swift */; };
		1A8412632A860C3A00BD1BF5 /* UserSettingViewModel.swift in Sources */ = {isa = PBXBuildFile; fileRef = 1A8412622A860C3A00BD1BF5 /* UserSettingViewModel.swift */; };
		1A8412652A860D8300BD1BF5 /* UserModel.swift in Sources */ = {isa = PBXBuildFile; fileRef = 1A8412642A860D8300BD1BF5 /* UserModel.swift */; };
/* End PBXBuildFile section */

/* Begin PBXFileReference section */
		1A4E7F7A2A89C4680009D0B6 /* ColorExtension.swift */ = {isa = PBXFileReference; lastKnownFileType = sourcecode.swift; path = ColorExtension.swift; sourceTree = "<group>"; };
		1A4E7F7D2A8B19120009D0B6 /* DetectOrientation.swift */ = {isa = PBXFileReference; lastKnownFileType = sourcecode.swift; path = DetectOrientation.swift; sourceTree = "<group>"; };
		1A4E7F7F2A8B28620009D0B6 /* OrientationView.swift */ = {isa = PBXFileReference; lastKnownFileType = sourcecode.swift; path = OrientationView.swift; sourceTree = "<group>"; };
		1A4E7F812A8B5F8B0009D0B6 /* helper.swift */ = {isa = PBXFileReference; lastKnownFileType = sourcecode.swift; path = helper.swift; sourceTree = "<group>"; };
		1A704C612A806FE800CBEF26 /* MultiList.app */ = {isa = PBXFileReference; explicitFileType = wrapper.application; includeInIndex = 0; path = MultiList.app; sourceTree = BUILT_PRODUCTS_DIR; };
		1A704C642A806FE800CBEF26 /* MultiListApp.swift */ = {isa = PBXFileReference; lastKnownFileType = sourcecode.swift; path = MultiListApp.swift; sourceTree = "<group>"; };
		1A704C662A806FE800CBEF26 /* ContentView.swift */ = {isa = PBXFileReference; lastKnownFileType = sourcecode.swift; path = ContentView.swift; sourceTree = "<group>"; };
		1A704C682A806FE800CBEF26 /* Assets.xcassets */ = {isa = PBXFileReference; lastKnownFileType = folder.assetcatalog; path = Assets.xcassets; sourceTree = "<group>"; };
		1A704C6B2A806FE800CBEF26 /* Preview Assets.xcassets */ = {isa = PBXFileReference; lastKnownFileType = folder.assetcatalog; path = "Preview Assets.xcassets"; sourceTree = "<group>"; };
		1A704C6D2A806FE800CBEF26 /* Persistence.swift */ = {isa = PBXFileReference; lastKnownFileType = sourcecode.swift; path = Persistence.swift; sourceTree = "<group>"; };
		1A704C702A806FE800CBEF26 /* MultiList.xcdatamodel */ = {isa = PBXFileReference; lastKnownFileType = wrapper.xcdatamodel; path = MultiList.xcdatamodel; sourceTree = "<group>"; };
		1A704C772A8070A300CBEF26 /* LoginView.swift */ = {isa = PBXFileReference; lastKnownFileType = sourcecode.swift; path = LoginView.swift; sourceTree = "<group>"; };
		1A704C7C2A8070D800CBEF26 /* LoginViewModel.swift */ = {isa = PBXFileReference; lastKnownFileType = sourcecode.swift; path = LoginViewModel.swift; sourceTree = "<group>"; };
		1A704C7E2A80736400CBEF26 /* ButtonScaleEffect.swift */ = {isa = PBXFileReference; lastKnownFileType = sourcecode.swift; path = ButtonScaleEffect.swift; sourceTree = "<group>"; };
		1A84123E2A808D6C00BD1BF5 /* Langguages.swift */ = {isa = PBXFileReference; lastKnownFileType = sourcecode.swift; path = Langguages.swift; sourceTree = "<group>"; };
		1A8412402A8097DB00BD1BF5 /* Info.plist */ = {isa = PBXFileReference; lastKnownFileType = text.plist; path = Info.plist; sourceTree = "<group>"; };
		1A8412472A80A66900BD1BF5 /* HomeView.swift */ = {isa = PBXFileReference; lastKnownFileType = sourcecode.swift; path = HomeView.swift; sourceTree = "<group>"; };
		1A8412492A80A6C000BD1BF5 /* HomeViewModel.swift */ = {isa = PBXFileReference; lastKnownFileType = sourcecode.swift; path = HomeViewModel.swift; sourceTree = "<group>"; };
		1A84124B2A80CEFA00BD1BF5 /* MultiList.entitlements */ = {isa = PBXFileReference; lastKnownFileType = text.plist.entitlements; path = MultiList.entitlements; sourceTree = "<group>"; };
		1A84125A2A84937700BD1BF5 /* GoogleService-Info.plist */ = {isa = PBXFileReference; fileEncoding = 4; lastKnownFileType = text.plist.xml; path = "GoogleService-Info.plist"; sourceTree = "<group>"; };
		1A84125F2A860C1300BD1BF5 /* UserSettingView.swift */ = {isa = PBXFileReference; lastKnownFileType = sourcecode.swift; path = UserSettingView.swift; sourceTree = "<group>"; };
		1A8412622A860C3A00BD1BF5 /* UserSettingViewModel.swift */ = {isa = PBXFileReference; lastKnownFileType = sourcecode.swift; path = UserSettingViewModel.swift; sourceTree = "<group>"; };
		1A8412642A860D8300BD1BF5 /* UserModel.swift */ = {isa = PBXFileReference; lastKnownFileType = sourcecode.swift; path = UserModel.swift; sourceTree = "<group>"; };
		7025139252B8DB5F5116C693 /* Pods-MultiList.release.xcconfig */ = {isa = PBXFileReference; includeInIndex = 1; lastKnownFileType = text.xcconfig; name = "Pods-MultiList.release.xcconfig"; path = "Target Support Files/Pods-MultiList/Pods-MultiList.release.xcconfig"; sourceTree = "<group>"; };
		7C3426BF30FE3F8C622FF16D /* Pods-MultiList.debug.xcconfig */ = {isa = PBXFileReference; includeInIndex = 1; lastKnownFileType = text.xcconfig; name = "Pods-MultiList.debug.xcconfig"; path = "Target Support Files/Pods-MultiList/Pods-MultiList.debug.xcconfig"; sourceTree = "<group>"; };
		E5DA7AE246DE9064DFE79F85 /* Pods_MultiList.framework */ = {isa = PBXFileReference; explicitFileType = wrapper.framework; includeInIndex = 0; path = Pods_MultiList.framework; sourceTree = BUILT_PRODUCTS_DIR; };
/* End PBXFileReference section */

/* Begin PBXFrameworksBuildPhase section */
		1A704C5E2A806FE800CBEF26 /* Frameworks */ = {
			isa = PBXFrameworksBuildPhase;
			buildActionMask = 2147483647;
			files = (
				1A84125C2A84D22B00BD1BF5 /* Pods_MultiList.framework in Frameworks */,
				1A8412432A80987D00BD1BF5 /* GoogleSignIn in Frameworks */,
				1A8412542A82571800BD1BF5 /* KakaoSDKShare in Frameworks */,
				1A8412522A82571800BD1BF5 /* KakaoSDKCommon in Frameworks */,
				1A8412372A8081EF00BD1BF5 /* FirebaseRemoteConfig in Frameworks */,
				1A8412392A8081EF00BD1BF5 /* FirebaseStorage in Frameworks */,
				1A8412332A8081EF00BD1BF5 /* FirebaseAuth in Frameworks */,
				1A8412352A8081EF00BD1BF5 /* FirebaseFirestore in Frameworks */,
				1A8412502A82571800BD1BF5 /* KakaoSDKAuth in Frameworks */,
				1A8412562A82571800BD1BF5 /* KakaoSDKUser in Frameworks */,
			);
			runOnlyForDeploymentPostprocessing = 0;
		};
/* End PBXFrameworksBuildPhase section */

/* Begin PBXGroup section */
		1A4E7F7C2A8B18FD0009D0B6 /* Helper */ = {
			isa = PBXGroup;
			children = (
				1A704C7E2A80736400CBEF26 /* ButtonScaleEffect.swift */,
				1A4E7F7A2A89C4680009D0B6 /* ColorExtension.swift */,
				1A4E7F7D2A8B19120009D0B6 /* DetectOrientation.swift */,
				1A4E7F812A8B5F8B0009D0B6 /* helper.swift */,
			);
			path = Helper;
			sourceTree = "<group>";
		};
		1A704C582A806FE800CBEF26 = {
			isa = PBXGroup;
			children = (
				1A704C632A806FE800CBEF26 /* MultiList */,
				1A704C622A806FE800CBEF26 /* Products */,
				B2B197B3ACEE4CA886CC8C0F /* Pods */,
				8244CB83DA559E9A5B2BF56E /* Frameworks */,
			);
			sourceTree = "<group>";
		};
		1A704C622A806FE800CBEF26 /* Products */ = {
			isa = PBXGroup;
			children = (
				1A704C612A806FE800CBEF26 /* MultiList.app */,
			);
			name = Products;
			sourceTree = "<group>";
		};
		1A704C632A806FE800CBEF26 /* MultiList */ = {
			isa = PBXGroup;
			children = (
				1A84124B2A80CEFA00BD1BF5 /* MultiList.entitlements */,
				1A8412402A8097DB00BD1BF5 /* Info.plist */,
				1A704C642A806FE800CBEF26 /* MultiListApp.swift */,
				1A704C662A806FE800CBEF26 /* ContentView.swift */,
				1A8412462A80A65900BD1BF5 /* HomeScenes */,
				1A8412662A860E1B00BD1BF5 /* Endtity */,
				1A4E7F7C2A8B18FD0009D0B6 /* Helper */,
				1A84123E2A808D6C00BD1BF5 /* Langguages.swift */,
				1A704C682A806FE800CBEF26 /* Assets.xcassets */,
				1A704C6D2A806FE800CBEF26 /* Persistence.swift */,
				1A704C6F2A806FE800CBEF26 /* MultiList.xcdatamodeld */,
				1A84125A2A84937700BD1BF5 /* GoogleService-Info.plist */,
				1A704C6A2A806FE800CBEF26 /* Preview Content */,
			);
			path = MultiList;
			sourceTree = "<group>";
		};
		1A704C6A2A806FE800CBEF26 /* Preview Content */ = {
			isa = PBXGroup;
			children = (
				1A704C6B2A806FE800CBEF26 /* Preview Assets.xcassets */,
			);
			path = "Preview Content";
			sourceTree = "<group>";
		};
		1A704C7B2A8070B300CBEF26 /* LoginScenes */ = {
			isa = PBXGroup;
			children = (
				1A704C772A8070A300CBEF26 /* LoginView.swift */,
				1A704C7C2A8070D800CBEF26 /* LoginViewModel.swift */,
			);
			path = LoginScenes;
			sourceTree = "<group>";
		};
		1A8412462A80A65900BD1BF5 /* HomeScenes */ = {
			isa = PBXGroup;
			children = (
				1A8412472A80A66900BD1BF5 /* HomeView.swift */,
				1A8412492A80A6C000BD1BF5 /* HomeViewModel.swift */,
				1A704C7B2A8070B300CBEF26 /* LoginScenes */,
				1A8412612A860C1B00BD1BF5 /* UserSettingScenes */,
			);
			path = HomeScenes;
			sourceTree = "<group>";
		};
		1A8412612A860C1B00BD1BF5 /* UserSettingScenes */ = {
			isa = PBXGroup;
			children = (
				1A84125F2A860C1300BD1BF5 /* UserSettingView.swift */,
				1A8412622A860C3A00BD1BF5 /* UserSettingViewModel.swift */,
				1A4E7F7F2A8B28620009D0B6 /* OrientationView.swift */,
			);
			path = UserSettingScenes;
			sourceTree = "<group>";
		};
		1A8412662A860E1B00BD1BF5 /* Endtity */ = {
			isa = PBXGroup;
			children = (
				1A8412642A860D8300BD1BF5 /* UserModel.swift */,
			);
			path = Endtity;
			sourceTree = "<group>";
		};
		8244CB83DA559E9A5B2BF56E /* Frameworks */ = {
			isa = PBXGroup;
			children = (
				E5DA7AE246DE9064DFE79F85 /* Pods_MultiList.framework */,
			);
			name = Frameworks;
			sourceTree = "<group>";
		};
		B2B197B3ACEE4CA886CC8C0F /* Pods */ = {
			isa = PBXGroup;
			children = (
				7C3426BF30FE3F8C622FF16D /* Pods-MultiList.debug.xcconfig */,
				7025139252B8DB5F5116C693 /* Pods-MultiList.release.xcconfig */,
			);
			path = Pods;
			sourceTree = "<group>";
		};
/* End PBXGroup section */

/* Begin PBXNativeTarget section */
		1A704C602A806FE800CBEF26 /* MultiList */ = {
			isa = PBXNativeTarget;
			buildConfigurationList = 1A704C742A806FE800CBEF26 /* Build configuration list for PBXNativeTarget "MultiList" */;
			buildPhases = (
				F47530DFD5C9407757CAD196 /* [CP] Check Pods Manifest.lock */,
				1A704C5D2A806FE800CBEF26 /* Sources */,
				1A704C5E2A806FE800CBEF26 /* Frameworks */,
				1A704C5F2A806FE800CBEF26 /* Resources */,
				D9D971B7E8951221D0FBA11B /* [CP] Embed Pods Frameworks */,
			);
			buildRules = (
			);
			dependencies = (
			);
			name = MultiList;
			packageProductDependencies = (
				1A8412322A8081EF00BD1BF5 /* FirebaseAuth */,
				1A8412342A8081EF00BD1BF5 /* FirebaseFirestore */,
				1A8412362A8081EF00BD1BF5 /* FirebaseRemoteConfig */,
				1A8412382A8081EF00BD1BF5 /* FirebaseStorage */,
				1A8412422A80987D00BD1BF5 /* GoogleSignIn */,
				1A84124F2A82571800BD1BF5 /* KakaoSDKAuth */,
				1A8412512A82571800BD1BF5 /* KakaoSDKCommon */,
				1A8412532A82571800BD1BF5 /* KakaoSDKShare */,
				1A8412552A82571800BD1BF5 /* KakaoSDKUser */,
			);
			productName = MultiList;
			productReference = 1A704C612A806FE800CBEF26 /* MultiList.app */;
			productType = "com.apple.product-type.application";
		};
/* End PBXNativeTarget section */

/* Begin PBXProject section */
		1A704C592A806FE800CBEF26 /* Project object */ = {
			isa = PBXProject;
			attributes = {
				BuildIndependentTargetsInParallel = 1;
				LastSwiftUpdateCheck = 1430;
				LastUpgradeCheck = 1430;
				TargetAttributes = {
					1A704C602A806FE800CBEF26 = {
						CreatedOnToolsVersion = 14.3.1;
					};
				};
			};
			buildConfigurationList = 1A704C5C2A806FE800CBEF26 /* Build configuration list for PBXProject "MultiList" */;
			compatibilityVersion = "Xcode 14.0";
			developmentRegion = en;
			hasScannedForEncodings = 0;
			knownRegions = (
				en,
				Base,
			);
			mainGroup = 1A704C582A806FE800CBEF26;
			packageReferences = (
				1A8412312A8081EF00BD1BF5 /* XCRemoteSwiftPackageReference "firebase-ios-sdk" */,
				1A8412412A80987D00BD1BF5 /* XCRemoteSwiftPackageReference "GoogleSignIn-iOS" */,
				1A84124E2A82571800BD1BF5 /* XCRemoteSwiftPackageReference "kakao-ios-sdk" */,
			);
			productRefGroup = 1A704C622A806FE800CBEF26 /* Products */;
			projectDirPath = "";
			projectRoot = "";
			targets = (
				1A704C602A806FE800CBEF26 /* MultiList */,
			);
		};
/* End PBXProject section */

/* Begin PBXResourcesBuildPhase section */
		1A704C5F2A806FE800CBEF26 /* Resources */ = {
			isa = PBXResourcesBuildPhase;
			buildActionMask = 2147483647;
			files = (
				1A704C6C2A806FE800CBEF26 /* Preview Assets.xcassets in Resources */,
				1A704C692A806FE800CBEF26 /* Assets.xcassets in Resources */,
				1A84125B2A84937700BD1BF5 /* GoogleService-Info.plist in Resources */,
			);
			runOnlyForDeploymentPostprocessing = 0;
		};
/* End PBXResourcesBuildPhase section */

/* Begin PBXShellScriptBuildPhase section */
		D9D971B7E8951221D0FBA11B /* [CP] Embed Pods Frameworks */ = {
			isa = PBXShellScriptBuildPhase;
			buildActionMask = 2147483647;
			files = (
			);
			inputFileListPaths = (
				"${PODS_ROOT}/Target Support Files/Pods-MultiList/Pods-MultiList-frameworks-${CONFIGURATION}-input-files.xcfilelist",
			);
			name = "[CP] Embed Pods Frameworks";
			outputFileListPaths = (
				"${PODS_ROOT}/Target Support Files/Pods-MultiList/Pods-MultiList-frameworks-${CONFIGURATION}-output-files.xcfilelist",
			);
			runOnlyForDeploymentPostprocessing = 0;
			shellPath = /bin/sh;
			shellScript = "\"${PODS_ROOT}/Target Support Files/Pods-MultiList/Pods-MultiList-frameworks.sh\"\n";
			showEnvVarsInLog = 0;
		};
		F47530DFD5C9407757CAD196 /* [CP] Check Pods Manifest.lock */ = {
			isa = PBXShellScriptBuildPhase;
			buildActionMask = 2147483647;
			files = (
			);
			inputFileListPaths = (
			);
			inputPaths = (
				"${PODS_PODFILE_DIR_PATH}/Podfile.lock",
				"${PODS_ROOT}/Manifest.lock",
			);
			name = "[CP] Check Pods Manifest.lock";
			outputFileListPaths = (
			);
			outputPaths = (
				"$(DERIVED_FILE_DIR)/Pods-MultiList-checkManifestLockResult.txt",
			);
			runOnlyForDeploymentPostprocessing = 0;
			shellPath = /bin/sh;
			shellScript = "diff \"${PODS_PODFILE_DIR_PATH}/Podfile.lock\" \"${PODS_ROOT}/Manifest.lock\" > /dev/null\nif [ $? != 0 ] ; then\n    # print error to STDERR\n    echo \"error: The sandbox is not in sync with the Podfile.lock. Run 'pod install' or update your CocoaPods installation.\" >&2\n    exit 1\nfi\n# This output is used by Xcode 'outputs' to avoid re-running this script phase.\necho \"SUCCESS\" > \"${SCRIPT_OUTPUT_FILE_0}\"\n";
			showEnvVarsInLog = 0;
		};
/* End PBXShellScriptBuildPhase section */

/* Begin PBXSourcesBuildPhase section */
		1A704C5D2A806FE800CBEF26 /* Sources */ = {
			isa = PBXSourcesBuildPhase;
			buildActionMask = 2147483647;
			files = (
				1A8412482A80A66900BD1BF5 /* HomeView.swift in Sources */,
				1A704C782A8070A300CBEF26 /* LoginView.swift in Sources */,
				1A8412602A860C1300BD1BF5 /* UserSettingView.swift in Sources */,
				1A84123F2A808D6C00BD1BF5 /* Langguages.swift in Sources */,
				1A84124A2A80A6C000BD1BF5 /* HomeViewModel.swift in Sources */,
				1A4E7F7E2A8B19120009D0B6 /* DetectOrientation.swift in Sources */,
				1A4E7F822A8B5F8B0009D0B6 /* helper.swift in Sources */,
				1A4E7F7B2A89C4680009D0B6 /* ColorExtension.swift in Sources */,
				1A4E7F802A8B28620009D0B6 /* OrientationView.swift in Sources */,
				1A8412652A860D8300BD1BF5 /* UserModel.swift in Sources */,
				1A704C6E2A806FE800CBEF26 /* Persistence.swift in Sources */,
				1A704C712A806FE800CBEF26 /* MultiList.xcdatamodeld in Sources */,
				1A704C672A806FE800CBEF26 /* ContentView.swift in Sources */,
				1A704C7D2A8070D800CBEF26 /* LoginViewModel.swift in Sources */,
				1A704C652A806FE800CBEF26 /* MultiListApp.swift in Sources */,
				1A8412632A860C3A00BD1BF5 /* UserSettingViewModel.swift in Sources */,
				1A704C7F2A80736400CBEF26 /* ButtonScaleEffect.swift in Sources */,
			);
			runOnlyForDeploymentPostprocessing = 0;
		};
/* End PBXSourcesBuildPhase section */

/* Begin XCBuildConfiguration section */
		1A704C722A806FE800CBEF26 /* Debug */ = {
			isa = XCBuildConfiguration;
			buildSettings = {
				ALWAYS_SEARCH_USER_PATHS = NO;
				CLANG_ANALYZER_NONNULL = YES;
				CLANG_ANALYZER_NUMBER_OBJECT_CONVERSION = YES_AGGRESSIVE;
				CLANG_CXX_LANGUAGE_STANDARD = "gnu++20";
				CLANG_ENABLE_MODULES = YES;
				CLANG_ENABLE_OBJC_ARC = YES;
				CLANG_ENABLE_OBJC_WEAK = YES;
				CLANG_WARN_BLOCK_CAPTURE_AUTORELEASING = YES;
				CLANG_WARN_BOOL_CONVERSION = YES;
				CLANG_WARN_COMMA = YES;
				CLANG_WARN_CONSTANT_CONVERSION = YES;
				CLANG_WARN_DEPRECATED_OBJC_IMPLEMENTATIONS = YES;
				CLANG_WARN_DIRECT_OBJC_ISA_USAGE = YES_ERROR;
				CLANG_WARN_DOCUMENTATION_COMMENTS = YES;
				CLANG_WARN_EMPTY_BODY = YES;
				CLANG_WARN_ENUM_CONVERSION = YES;
				CLANG_WARN_INFINITE_RECURSION = YES;
				CLANG_WARN_INT_CONVERSION = YES;
				CLANG_WARN_NON_LITERAL_NULL_CONVERSION = YES;
				CLANG_WARN_OBJC_IMPLICIT_RETAIN_SELF = YES;
				CLANG_WARN_OBJC_LITERAL_CONVERSION = YES;
				CLANG_WARN_OBJC_ROOT_CLASS = YES_ERROR;
				CLANG_WARN_QUOTED_INCLUDE_IN_FRAMEWORK_HEADER = YES;
				CLANG_WARN_RANGE_LOOP_ANALYSIS = YES;
				CLANG_WARN_STRICT_PROTOTYPES = YES;
				CLANG_WARN_SUSPICIOUS_MOVE = YES;
				CLANG_WARN_UNGUARDED_AVAILABILITY = YES_AGGRESSIVE;
				CLANG_WARN_UNREACHABLE_CODE = YES;
				CLANG_WARN__DUPLICATE_METHOD_MATCH = YES;
				COPY_PHASE_STRIP = NO;
				DEBUG_INFORMATION_FORMAT = dwarf;
				ENABLE_STRICT_OBJC_MSGSEND = YES;
				ENABLE_TESTABILITY = YES;
				GCC_C_LANGUAGE_STANDARD = gnu11;
				GCC_DYNAMIC_NO_PIC = NO;
				GCC_NO_COMMON_BLOCKS = YES;
				GCC_OPTIMIZATION_LEVEL = 0;
				GCC_PREPROCESSOR_DEFINITIONS = (
					"DEBUG=1",
					"$(inherited)",
				);
				GCC_WARN_64_TO_32_BIT_CONVERSION = YES;
				GCC_WARN_ABOUT_RETURN_TYPE = YES_ERROR;
				GCC_WARN_UNDECLARED_SELECTOR = YES;
				GCC_WARN_UNINITIALIZED_AUTOS = YES_AGGRESSIVE;
				GCC_WARN_UNUSED_FUNCTION = YES;
				GCC_WARN_UNUSED_VARIABLE = YES;
				IPHONEOS_DEPLOYMENT_TARGET = 16.4;
				MTL_ENABLE_DEBUG_INFO = INCLUDE_SOURCE;
				MTL_FAST_MATH = YES;
				ONLY_ACTIVE_ARCH = YES;
				SDKROOT = iphoneos;
				SWIFT_ACTIVE_COMPILATION_CONDITIONS = DEBUG;
				SWIFT_OPTIMIZATION_LEVEL = "-Onone";
			};
			name = Debug;
		};
		1A704C732A806FE800CBEF26 /* Release */ = {
			isa = XCBuildConfiguration;
			buildSettings = {
				ALWAYS_SEARCH_USER_PATHS = NO;
				CLANG_ANALYZER_NONNULL = YES;
				CLANG_ANALYZER_NUMBER_OBJECT_CONVERSION = YES_AGGRESSIVE;
				CLANG_CXX_LANGUAGE_STANDARD = "gnu++20";
				CLANG_ENABLE_MODULES = YES;
				CLANG_ENABLE_OBJC_ARC = YES;
				CLANG_ENABLE_OBJC_WEAK = YES;
				CLANG_WARN_BLOCK_CAPTURE_AUTORELEASING = YES;
				CLANG_WARN_BOOL_CONVERSION = YES;
				CLANG_WARN_COMMA = YES;
				CLANG_WARN_CONSTANT_CONVERSION = YES;
				CLANG_WARN_DEPRECATED_OBJC_IMPLEMENTATIONS = YES;
				CLANG_WARN_DIRECT_OBJC_ISA_USAGE = YES_ERROR;
				CLANG_WARN_DOCUMENTATION_COMMENTS = YES;
				CLANG_WARN_EMPTY_BODY = YES;
				CLANG_WARN_ENUM_CONVERSION = YES;
				CLANG_WARN_INFINITE_RECURSION = YES;
				CLANG_WARN_INT_CONVERSION = YES;
				CLANG_WARN_NON_LITERAL_NULL_CONVERSION = YES;
				CLANG_WARN_OBJC_IMPLICIT_RETAIN_SELF = YES;
				CLANG_WARN_OBJC_LITERAL_CONVERSION = YES;
				CLANG_WARN_OBJC_ROOT_CLASS = YES_ERROR;
				CLANG_WARN_QUOTED_INCLUDE_IN_FRAMEWORK_HEADER = YES;
				CLANG_WARN_RANGE_LOOP_ANALYSIS = YES;
				CLANG_WARN_STRICT_PROTOTYPES = YES;
				CLANG_WARN_SUSPICIOUS_MOVE = YES;
				CLANG_WARN_UNGUARDED_AVAILABILITY = YES_AGGRESSIVE;
				CLANG_WARN_UNREACHABLE_CODE = YES;
				CLANG_WARN__DUPLICATE_METHOD_MATCH = YES;
				COPY_PHASE_STRIP = NO;
				DEBUG_INFORMATION_FORMAT = "dwarf-with-dsym";
				ENABLE_NS_ASSERTIONS = NO;
				ENABLE_STRICT_OBJC_MSGSEND = YES;
				GCC_C_LANGUAGE_STANDARD = gnu11;
				GCC_NO_COMMON_BLOCKS = YES;
				GCC_WARN_64_TO_32_BIT_CONVERSION = YES;
				GCC_WARN_ABOUT_RETURN_TYPE = YES_ERROR;
				GCC_WARN_UNDECLARED_SELECTOR = YES;
				GCC_WARN_UNINITIALIZED_AUTOS = YES_AGGRESSIVE;
				GCC_WARN_UNUSED_FUNCTION = YES;
				GCC_WARN_UNUSED_VARIABLE = YES;
				IPHONEOS_DEPLOYMENT_TARGET = 16.4;
				MTL_ENABLE_DEBUG_INFO = NO;
				MTL_FAST_MATH = YES;
				SDKROOT = iphoneos;
				SWIFT_COMPILATION_MODE = wholemodule;
				SWIFT_OPTIMIZATION_LEVEL = "-O";
				VALIDATE_PRODUCT = YES;
			};
			name = Release;
		};
		1A704C752A806FE800CBEF26 /* Debug */ = {
			isa = XCBuildConfiguration;
			baseConfigurationReference = 7C3426BF30FE3F8C622FF16D /* Pods-MultiList.debug.xcconfig */;
			buildSettings = {
				ASSETCATALOG_COMPILER_APPICON_NAME = AppIcon;
				ASSETCATALOG_COMPILER_GLOBAL_ACCENT_COLOR_NAME = AccentColor;
				CODE_SIGN_ENTITLEMENTS = MultiList/MultiList.entitlements;
				CODE_SIGN_STYLE = Automatic;
				CURRENT_PROJECT_VERSION = 1;
				DEVELOPMENT_ASSET_PATHS = "\"MultiList/Preview Content\"";
				DEVELOPMENT_TEAM = BAX6K368WN;
				ENABLE_PREVIEWS = YES;
				GENERATE_INFOPLIST_FILE = YES;
				INFOPLIST_FILE = MultiList/Info.plist;
				INFOPLIST_KEY_UIApplicationSceneManifest_Generation = YES;
				INFOPLIST_KEY_UIApplicationSupportsIndirectInputEvents = YES;
				INFOPLIST_KEY_UILaunchScreen_Generation = YES;
				INFOPLIST_KEY_UISupportedInterfaceOrientations = "UIInterfaceOrientationLandscapeLeft UIInterfaceOrientationLandscapeRight UIInterfaceOrientationPortrait UIInterfaceOrientationPortraitUpsideDown";
				LD_RUNPATH_SEARCH_PATHS = (
					"$(inherited)",
					"@executable_path/Frameworks",
				);
				MARKETING_VERSION = 1.0;
				PRODUCT_BUNDLE_IDENTIFIER = yeonhoc5.MultiList;
				PRODUCT_NAME = "$(TARGET_NAME)";
				SWIFT_EMIT_LOC_STRINGS = YES;
				SWIFT_VERSION = 5.0;
				TARGETED_DEVICE_FAMILY = "1,2";
			};
			name = Debug;
		};
		1A704C762A806FE800CBEF26 /* Release */ = {
			isa = XCBuildConfiguration;
			baseConfigurationReference = 7025139252B8DB5F5116C693 /* Pods-MultiList.release.xcconfig */;
			buildSettings = {
				ASSETCATALOG_COMPILER_APPICON_NAME = AppIcon;
				ASSETCATALOG_COMPILER_GLOBAL_ACCENT_COLOR_NAME = AccentColor;
				CODE_SIGN_ENTITLEMENTS = MultiList/MultiList.entitlements;
				CODE_SIGN_STYLE = Automatic;
				CURRENT_PROJECT_VERSION = 1;
				DEVELOPMENT_ASSET_PATHS = "\"MultiList/Preview Content\"";
				DEVELOPMENT_TEAM = BAX6K368WN;
				ENABLE_PREVIEWS = YES;
				GENERATE_INFOPLIST_FILE = YES;
				INFOPLIST_FILE = MultiList/Info.plist;
				INFOPLIST_KEY_UIApplicationSceneManifest_Generation = YES;
				INFOPLIST_KEY_UIApplicationSupportsIndirectInputEvents = YES;
				INFOPLIST_KEY_UILaunchScreen_Generation = YES;
				INFOPLIST_KEY_UISupportedInterfaceOrientations = "UIInterfaceOrientationLandscapeLeft UIInterfaceOrientationLandscapeRight UIInterfaceOrientationPortrait UIInterfaceOrientationPortraitUpsideDown";
				LD_RUNPATH_SEARCH_PATHS = (
					"$(inherited)",
					"@executable_path/Frameworks",
				);
				MARKETING_VERSION = 1.0;
				PRODUCT_BUNDLE_IDENTIFIER = yeonhoc5.MultiList;
				PRODUCT_NAME = "$(TARGET_NAME)";
				SWIFT_EMIT_LOC_STRINGS = YES;
				SWIFT_VERSION = 5.0;
				TARGETED_DEVICE_FAMILY = "1,2";
			};
			name = Release;
		};
/* End XCBuildConfiguration section */

/* Begin XCConfigurationList section */
		1A704C5C2A806FE800CBEF26 /* Build configuration list for PBXProject "MultiList" */ = {
			isa = XCConfigurationList;
			buildConfigurations = (
				1A704C722A806FE800CBEF26 /* Debug */,
				1A704C732A806FE800CBEF26 /* Release */,
			);
			defaultConfigurationIsVisible = 0;
			defaultConfigurationName = Release;
		};
		1A704C742A806FE800CBEF26 /* Build configuration list for PBXNativeTarget "MultiList" */ = {
			isa = XCConfigurationList;
			buildConfigurations = (
				1A704C752A806FE800CBEF26 /* Debug */,
				1A704C762A806FE800CBEF26 /* Release */,
			);
			defaultConfigurationIsVisible = 0;
			defaultConfigurationName = Release;
		};
/* End XCConfigurationList section */

/* Begin XCRemoteSwiftPackageReference section */
		1A8412312A8081EF00BD1BF5 /* XCRemoteSwiftPackageReference "firebase-ios-sdk" */ = {
			isa = XCRemoteSwiftPackageReference;
			repositoryURL = "https://github.com/firebase/firebase-ios-sdk";
			requirement = {
				kind = upToNextMajorVersion;
				minimumVersion = 10.0.0;
			};
		};
		1A8412412A80987D00BD1BF5 /* XCRemoteSwiftPackageReference "GoogleSignIn-iOS" */ = {
			isa = XCRemoteSwiftPackageReference;
			repositoryURL = "https://github.com/google/GoogleSignIn-iOS";
			requirement = {
				kind = upToNextMajorVersion;
				minimumVersion = 7.0.0;
			};
		};
		1A84124E2A82571800BD1BF5 /* XCRemoteSwiftPackageReference "kakao-ios-sdk" */ = {
			isa = XCRemoteSwiftPackageReference;
			repositoryURL = "https://github.com/kakao/kakao-ios-sdk";
			requirement = {
				kind = upToNextMajorVersion;
				minimumVersion = 2.0.0;
			};
		};
/* End XCRemoteSwiftPackageReference section */

/* Begin XCSwiftPackageProductDependency section */
		1A8412322A8081EF00BD1BF5 /* FirebaseAuth */ = {
			isa = XCSwiftPackageProductDependency;
			package = 1A8412312A8081EF00BD1BF5 /* XCRemoteSwiftPackageReference "firebase-ios-sdk" */;
			productName = FirebaseAuth;
		};
		1A8412342A8081EF00BD1BF5 /* FirebaseFirestore */ = {
			isa = XCSwiftPackageProductDependency;
			package = 1A8412312A8081EF00BD1BF5 /* XCRemoteSwiftPackageReference "firebase-ios-sdk" */;
			productName = FirebaseFirestore;
		};
		1A8412362A8081EF00BD1BF5 /* FirebaseRemoteConfig */ = {
			isa = XCSwiftPackageProductDependency;
			package = 1A8412312A8081EF00BD1BF5 /* XCRemoteSwiftPackageReference "firebase-ios-sdk" */;
			productName = FirebaseRemoteConfig;
		};
		1A8412382A8081EF00BD1BF5 /* FirebaseStorage */ = {
			isa = XCSwiftPackageProductDependency;
			package = 1A8412312A8081EF00BD1BF5 /* XCRemoteSwiftPackageReference "firebase-ios-sdk" */;
			productName = FirebaseStorage;
		};
		1A8412422A80987D00BD1BF5 /* GoogleSignIn */ = {
			isa = XCSwiftPackageProductDependency;
			package = 1A8412412A80987D00BD1BF5 /* XCRemoteSwiftPackageReference "GoogleSignIn-iOS" */;
			productName = GoogleSignIn;
		};
		1A84124F2A82571800BD1BF5 /* KakaoSDKAuth */ = {
			isa = XCSwiftPackageProductDependency;
			package = 1A84124E2A82571800BD1BF5 /* XCRemoteSwiftPackageReference "kakao-ios-sdk" */;
			productName = KakaoSDKAuth;
		};
		1A8412512A82571800BD1BF5 /* KakaoSDKCommon */ = {
			isa = XCSwiftPackageProductDependency;
			package = 1A84124E2A82571800BD1BF5 /* XCRemoteSwiftPackageReference "kakao-ios-sdk" */;
			productName = KakaoSDKCommon;
		};
		1A8412532A82571800BD1BF5 /* KakaoSDKShare */ = {
			isa = XCSwiftPackageProductDependency;
			package = 1A84124E2A82571800BD1BF5 /* XCRemoteSwiftPackageReference "kakao-ios-sdk" */;
			productName = KakaoSDKShare;
		};
		1A8412552A82571800BD1BF5 /* KakaoSDKUser */ = {
			isa = XCSwiftPackageProductDependency;
			package = 1A84124E2A82571800BD1BF5 /* XCRemoteSwiftPackageReference "kakao-ios-sdk" */;
			productName = KakaoSDKUser;
		};
/* End XCSwiftPackageProductDependency section */

/* Begin XCVersionGroup section */
		1A704C6F2A806FE800CBEF26 /* MultiList.xcdatamodeld */ = {
			isa = XCVersionGroup;
			children = (
				1A704C702A806FE800CBEF26 /* MultiList.xcdatamodel */,
			);
			currentVersion = 1A704C702A806FE800CBEF26 /* MultiList.xcdatamodel */;
			path = MultiList.xcdatamodeld;
			sourceTree = "<group>";
			versionGroupType = wrapper.xcdatamodel;
		};
/* End XCVersionGroup section */
	};
	rootObject = 1A704C592A806FE800CBEF26 /* Project object */;
}
