// !$*UTF8*$!
{
	archiveVersion = 1;
	classes = {
	};
	objectVersion = 56;
	objects = {

/* Begin PBXBuildFile section */
		1A0BD54C2ABC3B39005C862C /* MaskAndOrderdListView.swift in Sources */ = {isa = PBXBuildFile; fileRef = 1A0BD54B2ABC3B39005C862C /* MaskAndOrderdListView.swift */; };
		1A0BD54E2ABC53B8005C862C /* CheckListView.swift in Sources */ = {isa = PBXBuildFile; fileRef = 1A0BD54D2ABC53B8005C862C /* CheckListView.swift */; };
		1A39D88E2AAF183E00E4631E /* SettedCheckListView.swift in Sources */ = {isa = PBXBuildFile; fileRef = 1A39D88D2AAF183E00E4631E /* SettedCheckListView.swift */; };
		1A39D8912AAF186200E4631E /* SettedCheckListViewModel.swift in Sources */ = {isa = PBXBuildFile; fileRef = 1A39D8902AAF186200E4631E /* SettedCheckListViewModel.swift */; };
		1A39D8932AAF187500E4631E /* SettedLinkListView.swift in Sources */ = {isa = PBXBuildFile; fileRef = 1A39D8922AAF187500E4631E /* SettedLinkListView.swift */; };
		1A39D8952AAF188000E4631E /* SettedLinkListViewModel.swift in Sources */ = {isa = PBXBuildFile; fileRef = 1A39D8942AAF188000E4631E /* SettedLinkListViewModel.swift */; };
		1A39D8992AB146B400E4631E /* ImageExtension.swift in Sources */ = {isa = PBXBuildFile; fileRef = 1A39D8982AB146B400E4631E /* ImageExtension.swift */; };
		1A39D89B2AB149AF00E4631E /* sampleView.swift in Sources */ = {isa = PBXBuildFile; fileRef = 1A39D89A2AB149AF00E4631E /* sampleView.swift */; };
		1A39D89E2AB4405E00E4631E /* SharedPeopleListView.swift in Sources */ = {isa = PBXBuildFile; fileRef = 1A39D89D2AB4405E00E4631E /* SharedPeopleListView.swift */; };
		1A39D8A02AB4406700E4631E /* SharedPeopleListViewModel.swift in Sources */ = {isa = PBXBuildFile; fileRef = 1A39D89F2AB4406700E4631E /* SharedPeopleListViewModel.swift */; };
		1A39D8A22AB83C8900E4631E /* TextListView.swift in Sources */ = {isa = PBXBuildFile; fileRef = 1A39D8A12AB83C8900E4631E /* TextListView.swift */; };
		1A39D8A42AB83C9000E4631E /* TextListViewModel.swift in Sources */ = {isa = PBXBuildFile; fileRef = 1A39D8A32AB83C9000E4631E /* TextListViewModel.swift */; };
		1A39D8A72AB83D1600E4631E /* ReservationListView.swift in Sources */ = {isa = PBXBuildFile; fileRef = 1A39D8A62AB83D1600E4631E /* ReservationListView.swift */; };
		1A39D8A92AB83D1B00E4631E /* ReservationListViewModel.swift in Sources */ = {isa = PBXBuildFile; fileRef = 1A39D8A82AB83D1B00E4631E /* ReservationListViewModel.swift */; };
		1A4E7F7B2A89C4680009D0B6 /* ColorExtension.swift in Sources */ = {isa = PBXBuildFile; fileRef = 1A4E7F7A2A89C4680009D0B6 /* ColorExtension.swift */; };
		1A4E7F7E2A8B19120009D0B6 /* DetectOrientation.swift in Sources */ = {isa = PBXBuildFile; fileRef = 1A4E7F7D2A8B19120009D0B6 /* DetectOrientation.swift */; };
		1A4E7F802A8B28620009D0B6 /* OrientationStackView.swift in Sources */ = {isa = PBXBuildFile; fileRef = 1A4E7F7F2A8B28620009D0B6 /* OrientationStackView.swift */; };
		1A4E7F822A8B5F8B0009D0B6 /* Helper.swift in Sources */ = {isa = PBXBuildFile; fileRef = 1A4E7F812A8B5F8B0009D0B6 /* Helper.swift */; };
		1A4E7F842A8C4E910009D0B6 /* CustomProgressView.swift in Sources */ = {isa = PBXBuildFile; fileRef = 1A4E7F832A8C4E910009D0B6 /* CustomProgressView.swift */; };
		1A4E7F882A8C66D60009D0B6 /* ListView.swift in Sources */ = {isa = PBXBuildFile; fileRef = 1A4E7F872A8C66D60009D0B6 /* ListView.swift */; };
		1A4E7F8A2A8C66DF0009D0B6 /* ListViewModel.swift in Sources */ = {isa = PBXBuildFile; fileRef = 1A4E7F892A8C66DF0009D0B6 /* ListViewModel.swift */; };
		1A4E7F8D2A8C69640009D0B6 /* CustomView.swift in Sources */ = {isa = PBXBuildFile; fileRef = 1A4E7F8C2A8C69640009D0B6 /* CustomView.swift */; };
		1A4E7F8F2A8F30330009D0B6 /* NotSettedView.swift in Sources */ = {isa = PBXBuildFile; fileRef = 1A4E7F8E2A8F30330009D0B6 /* NotSettedView.swift */; };
		1A4E7F912A8F303B0009D0B6 /* NotSettedViewModel.swift in Sources */ = {isa = PBXBuildFile; fileRef = 1A4E7F902A8F303B0009D0B6 /* NotSettedViewModel.swift */; };
		1A4E7F942A91D9A40009D0B6 /* CheckListModel.swift in Sources */ = {isa = PBXBuildFile; fileRef = 1A4E7F932A91D9A40009D0B6 /* CheckListModel.swift */; };
		1A4E7F962A92E98C0009D0B6 /* BlurView.swift in Sources */ = {isa = PBXBuildFile; fileRef = 1A4E7F952A92E98C0009D0B6 /* BlurView.swift */; };
		1A4E7F982A92EFC80009D0B6 /* PaletteView.swift in Sources */ = {isa = PBXBuildFile; fileRef = 1A4E7F972A92EFC80009D0B6 /* PaletteView.swift */; };
		1A4E7F9F2A93597D0009D0B6 /* DetailMultiListView.swift in Sources */ = {isa = PBXBuildFile; fileRef = 1A4E7F9E2A93597D0009D0B6 /* DetailMultiListView.swift */; };
		1A4E7FA22A9359970009D0B6 /* DetailMultiListViewModel.swift in Sources */ = {isa = PBXBuildFile; fileRef = 1A4E7FA12A9359970009D0B6 /* DetailMultiListViewModel.swift */; };
		1A4E7FA42A94401B0009D0B6 /* CheckListView1.swift in Sources */ = {isa = PBXBuildFile; fileRef = 1A4E7FA32A94401B0009D0B6 /* CheckListView1.swift */; };
		1A4E7FA72A94408E0009D0B6 /* CheckListViewModel.swift in Sources */ = {isa = PBXBuildFile; fileRef = 1A4E7FA62A94408E0009D0B6 /* CheckListViewModel.swift */; };
		1A4E7FAA2A944F420009D0B6 /* PieChart in Frameworks */ = {isa = PBXBuildFile; productRef = 1A4E7FA92A944F420009D0B6 /* PieChart */; };
		1A4E7FAC2A9493C20009D0B6 /* LinkListView1.swift in Sources */ = {isa = PBXBuildFile; fileRef = 1A4E7FAB2A9493C20009D0B6 /* LinkListView1.swift */; };
		1A4E7FAE2A9493CB0009D0B6 /* LinkListViewModel.swift in Sources */ = {isa = PBXBuildFile; fileRef = 1A4E7FAD2A9493CB0009D0B6 /* LinkListViewModel.swift */; };
		1A4E7FB12A94945B0009D0B6 /* LinkListModel.swift in Sources */ = {isa = PBXBuildFile; fileRef = 1A4E7FB02A94945B0009D0B6 /* LinkListModel.swift */; };
		1A51BFF72AB962D5006A7671 /* LinkImage.swift in Sources */ = {isa = PBXBuildFile; fileRef = 1A51BFF62AB962D5006A7671 /* LinkImage.swift */; };
		1A6FA1302AC811BA0067F464 /* LinkListView.swift in Sources */ = {isa = PBXBuildFile; fileRef = 1A6FA12F2AC811BA0067F464 /* LinkListView.swift */; };
		1A6FA1322AC817080067F464 /* SettedTextListView.swift in Sources */ = {isa = PBXBuildFile; fileRef = 1A6FA1312AC817080067F464 /* SettedTextListView.swift */; };
		1A6FA1342AC8170E0067F464 /* SettedTextListViewModel.swift in Sources */ = {isa = PBXBuildFile; fileRef = 1A6FA1332AC8170E0067F464 /* SettedTextListViewModel.swift */; };
		1A704C652A806FE800CBEF26 /* MultiListApp.swift in Sources */ = {isa = PBXBuildFile; fileRef = 1A704C642A806FE800CBEF26 /* MultiListApp.swift */; };
		1A704C672A806FE800CBEF26 /* ContentView.swift in Sources */ = {isa = PBXBuildFile; fileRef = 1A704C662A806FE800CBEF26 /* ContentView.swift */; };
		1A704C692A806FE800CBEF26 /* Assets.xcassets in Resources */ = {isa = PBXBuildFile; fileRef = 1A704C682A806FE800CBEF26 /* Assets.xcassets */; };
		1A704C6C2A806FE800CBEF26 /* Preview Assets.xcassets in Resources */ = {isa = PBXBuildFile; fileRef = 1A704C6B2A806FE800CBEF26 /* Preview Assets.xcassets */; };
		1A704C6E2A806FE800CBEF26 /* Persistence.swift in Sources */ = {isa = PBXBuildFile; fileRef = 1A704C6D2A806FE800CBEF26 /* Persistence.swift */; };
		1A704C712A806FE800CBEF26 /* MultiList.xcdatamodeld in Sources */ = {isa = PBXBuildFile; fileRef = 1A704C6F2A806FE800CBEF26 /* MultiList.xcdatamodeld */; };
		1A704C782A8070A300CBEF26 /* LoginView.swift in Sources */ = {isa = PBXBuildFile; fileRef = 1A704C772A8070A300CBEF26 /* LoginView.swift */; };
		1A704C7D2A8070D800CBEF26 /* LoginViewModel.swift in Sources */ = {isa = PBXBuildFile; fileRef = 1A704C7C2A8070D800CBEF26 /* LoginViewModel.swift */; };
		1A704C7F2A80736400CBEF26 /* ButtonScaleEffect.swift in Sources */ = {isa = PBXBuildFile; fileRef = 1A704C7E2A80736400CBEF26 /* ButtonScaleEffect.swift */; };
		1A824B8F2AC134B700874762 /* MyItemModel.swift in Sources */ = {isa = PBXBuildFile; fileRef = 1A824B8E2AC134B700874762 /* MyItemModel.swift */; };
		1A824B912AC1606A00874762 /* PhotosPickerView.swift in Sources */ = {isa = PBXBuildFile; fileRef = 1A824B902AC1606A00874762 /* PhotosPickerView.swift */; };
		1A824B932AC1630600874762 /* PhotosPickerViewModel.swift in Sources */ = {isa = PBXBuildFile; fileRef = 1A824B922AC1630600874762 /* PhotosPickerViewModel.swift */; };
		1A824B9A2AC262AC00874762 /* TextItemView.swift in Sources */ = {isa = PBXBuildFile; fileRef = 1A824B992AC262AC00874762 /* TextItemView.swift */; };
		1A824B9C2AC262B400874762 /* TextItemViewModel.swift in Sources */ = {isa = PBXBuildFile; fileRef = 1A824B9B2AC262B400874762 /* TextItemViewModel.swift */; };
		1A824B9F2AC26BA200874762 /* MyItemView.swift in Sources */ = {isa = PBXBuildFile; fileRef = 1A824B9E2AC26BA200874762 /* MyItemView.swift */; };
		1A824BA22AC2832B00874762 /* MyItemViewModel.swift in Sources */ = {isa = PBXBuildFile; fileRef = 1A824BA12AC2832B00874762 /* MyItemViewModel.swift */; };
		1A8412332A8081EF00BD1BF5 /* FirebaseAuth in Frameworks */ = {isa = PBXBuildFile; productRef = 1A8412322A8081EF00BD1BF5 /* FirebaseAuth */; };
		1A8412352A8081EF00BD1BF5 /* FirebaseFirestore in Frameworks */ = {isa = PBXBuildFile; productRef = 1A8412342A8081EF00BD1BF5 /* FirebaseFirestore */; };
		1A8412372A8081EF00BD1BF5 /* FirebaseRemoteConfig in Frameworks */ = {isa = PBXBuildFile; productRef = 1A8412362A8081EF00BD1BF5 /* FirebaseRemoteConfig */; };
		1A8412392A8081EF00BD1BF5 /* FirebaseStorage in Frameworks */ = {isa = PBXBuildFile; productRef = 1A8412382A8081EF00BD1BF5 /* FirebaseStorage */; };
		1A84123F2A808D6C00BD1BF5 /* Langguages.swift in Sources */ = {isa = PBXBuildFile; fileRef = 1A84123E2A808D6C00BD1BF5 /* Langguages.swift */; };
		1A8412432A80987D00BD1BF5 /* GoogleSignIn in Frameworks */ = {isa = PBXBuildFile; productRef = 1A8412422A80987D00BD1BF5 /* GoogleSignIn */; };
		1A8412482A80A66900BD1BF5 /* HomeView.swift in Sources */ = {isa = PBXBuildFile; fileRef = 1A8412472A80A66900BD1BF5 /* HomeView.swift */; };
		1A84124A2A80A6C000BD1BF5 /* HomeViewModel.swift in Sources */ = {isa = PBXBuildFile; fileRef = 1A8412492A80A6C000BD1BF5 /* HomeViewModel.swift */; };
		1A8412502A82571800BD1BF5 /* KakaoSDKAuth in Frameworks */ = {isa = PBXBuildFile; productRef = 1A84124F2A82571800BD1BF5 /* KakaoSDKAuth */; };
		1A8412522A82571800BD1BF5 /* KakaoSDKCommon in Frameworks */ = {isa = PBXBuildFile; productRef = 1A8412512A82571800BD1BF5 /* KakaoSDKCommon */; };
		1A8412542A82571800BD1BF5 /* KakaoSDKShare in Frameworks */ = {isa = PBXBuildFile; productRef = 1A8412532A82571800BD1BF5 /* KakaoSDKShare */; };
		1A8412562A82571800BD1BF5 /* KakaoSDKUser in Frameworks */ = {isa = PBXBuildFile; productRef = 1A8412552A82571800BD1BF5 /* KakaoSDKUser */; };
		1A84125B2A84937700BD1BF5 /* GoogleService-Info.plist in Resources */ = {isa = PBXBuildFile; fileRef = 1A84125A2A84937700BD1BF5 /* GoogleService-Info.plist */; };
		1A84125C2A84D22B00BD1BF5 /* Pods_MultiList.framework in Frameworks */ = {isa = PBXBuildFile; fileRef = E5DA7AE246DE9064DFE79F85 /* Pods_MultiList.framework */; };
		1A8412602A860C1300BD1BF5 /* UserSettingView.swift in Sources */ = {isa = PBXBuildFile; fileRef = 1A84125F2A860C1300BD1BF5 /* UserSettingView.swift */; };
		1A8412632A860C3A00BD1BF5 /* UserSettingViewModel.swift in Sources */ = {isa = PBXBuildFile; fileRef = 1A8412622A860C3A00BD1BF5 /* UserSettingViewModel.swift */; };
		1A8412652A860D8300BD1BF5 /* UserModel.swift in Sources */ = {isa = PBXBuildFile; fileRef = 1A8412642A860D8300BD1BF5 /* UserModel.swift */; };
		1ACAEB832ACBFB51004AB73A /* CustomButtonsViews.swift in Sources */ = {isa = PBXBuildFile; fileRef = 1ACAEB822ACBFB51004AB73A /* CustomButtonsViews.swift */; };
		1ADB95F42AC7E2C600005BEF /* TextListModel.swift in Sources */ = {isa = PBXBuildFile; fileRef = 1ADB95F32AC7E2C600005BEF /* TextListModel.swift */; };
		1ADB95F72AC7F27A00005BEF /* TextListImage.swift in Sources */ = {isa = PBXBuildFile; fileRef = 1ADB95F62AC7F27A00005BEF /* TextListImage.swift */; };
		1ADB95F92AC7F6D200005BEF /* ReservationListModel.swift in Sources */ = {isa = PBXBuildFile; fileRef = 1ADB95F82AC7F6D200005BEF /* ReservationListModel.swift */; };
		1ADB95FB2AC7F82F00005BEF /* ReservationListImage.swift in Sources */ = {isa = PBXBuildFile; fileRef = 1ADB95FA2AC7F82F00005BEF /* ReservationListImage.swift */; };
		1AF113F02A949FB00098C87F /* CheckListImge.swift in Sources */ = {isa = PBXBuildFile; fileRef = 1AF113EF2A949FB00098C87F /* CheckListImge.swift */; };
		1AF113F22A94A4130098C87F /* LinkListImage.swift in Sources */ = {isa = PBXBuildFile; fileRef = 1AF113F12A94A4130098C87F /* LinkListImage.swift */; };
		1AF113F42A94AD270098C87F /* AddButton.swift in Sources */ = {isa = PBXBuildFile; fileRef = 1AF113F32A94AD270098C87F /* AddButton.swift */; };
		1AF113F62A95EB4C0098C87F /* UserData.swift in Sources */ = {isa = PBXBuildFile; fileRef = 1AF113F52A95EB4C0098C87F /* UserData.swift */; };
		1AF113F82A9C9FE00098C87F /* ListEmptyView.swift in Sources */ = {isa = PBXBuildFile; fileRef = 1AF113F72A9C9FE00098C87F /* ListEmptyView.swift */; };
		1AF113FA2A9D73190098C87F /* LinkWebView.swift in Sources */ = {isa = PBXBuildFile; fileRef = 1AF113F92A9D73190098C87F /* LinkWebView.swift */; };
		1AF113FD2A9D75810098C87F /* WebView.swift in Sources */ = {isa = PBXBuildFile; fileRef = 1AF113FC2A9D75810098C87F /* WebView.swift */; };
		1AF114042A9F00350098C87F /* CustomAlertView.swift in Sources */ = {isa = PBXBuildFile; fileRef = 1AF114032A9F00350098C87F /* CustomAlertView.swift */; };
		1AF114062A9F35B80098C87F /* ShareSheetView.swift in Sources */ = {isa = PBXBuildFile; fileRef = 1AF114052A9F35B80098C87F /* ShareSheetView.swift */; };
		1AF114092A9F36130098C87F /* ShareSheetViewModel.swift in Sources */ = {isa = PBXBuildFile; fileRef = 1AF114082A9F36130098C87F /* ShareSheetViewModel.swift */; };
		1AF1140B2A9F49370098C87F /* FindUserFriendView.swift in Sources */ = {isa = PBXBuildFile; fileRef = 1AF1140A2A9F49370098C87F /* FindUserFriendView.swift */; };
		1AF1140D2A9F49460098C87F /* FindUserFriendViewModel.swift in Sources */ = {isa = PBXBuildFile; fileRef = 1AF1140C2A9F49460098C87F /* FindUserFriendViewModel.swift */; };
		1AF114102AA1AAF10098C87F /* SharePeopleListView.swift in Sources */ = {isa = PBXBuildFile; fileRef = 1AF1140F2AA1AAF10098C87F /* SharePeopleListView.swift */; };
		1AF114122AA1AAFF0098C87F /* SharePeopleListViewModel.swift in Sources */ = {isa = PBXBuildFile; fileRef = 1AF114112AA1AAFF0098C87F /* SharePeopleListViewModel.swift */; };
		1AF114172AA56C9E0098C87F /* SectionStorageView.swift in Sources */ = {isa = PBXBuildFile; fileRef = 1AF114162AA56C9E0098C87F /* SectionStorageView.swift */; };
		1AF114192AA56CAB0098C87F /* SectionStorageViewModel.swift in Sources */ = {isa = PBXBuildFile; fileRef = 1AF114182AA56CAB0098C87F /* SectionStorageViewModel.swift */; };
		1AF1141C2AA6D05C0098C87F /* Sample.swift in Sources */ = {isa = PBXBuildFile; fileRef = 1AF1141B2AA6D05C0098C87F /* Sample.swift */; };
		1AF1141E2AA71A3E0098C87F /* SectionListModel.swift in Sources */ = {isa = PBXBuildFile; fileRef = 1AF1141D2AA71A3E0098C87F /* SectionListModel.swift */; };
		1AF114202AA71A690098C87F /* FriendModel.swift in Sources */ = {isa = PBXBuildFile; fileRef = 1AF1141F2AA71A680098C87F /* FriendModel.swift */; };
		1AF114222AA71A7C0098C87F /* MultiListModel.swift in Sources */ = {isa = PBXBuildFile; fileRef = 1AF114212AA71A7C0098C87F /* MultiListModel.swift */; };
		1AF114242AA71BA00098C87F /* ShareMultiListModel.swift in Sources */ = {isa = PBXBuildFile; fileRef = 1AF114232AA71BA00098C87F /* ShareMultiListModel.swift */; };
/* End PBXBuildFile section */

/* Begin PBXFileReference section */
		1A0BD54B2ABC3B39005C862C /* MaskAndOrderdListView.swift */ = {isa = PBXFileReference; lastKnownFileType = sourcecode.swift; path = MaskAndOrderdListView.swift; sourceTree = "<group>"; };
		1A0BD54D2ABC53B8005C862C /* CheckListView.swift */ = {isa = PBXFileReference; lastKnownFileType = sourcecode.swift; path = CheckListView.swift; sourceTree = "<group>"; };
		1A39D88D2AAF183E00E4631E /* SettedCheckListView.swift */ = {isa = PBXFileReference; lastKnownFileType = sourcecode.swift; path = SettedCheckListView.swift; sourceTree = "<group>"; };
		1A39D8902AAF186200E4631E /* SettedCheckListViewModel.swift */ = {isa = PBXFileReference; lastKnownFileType = sourcecode.swift; path = SettedCheckListViewModel.swift; sourceTree = "<group>"; };
		1A39D8922AAF187500E4631E /* SettedLinkListView.swift */ = {isa = PBXFileReference; lastKnownFileType = sourcecode.swift; path = SettedLinkListView.swift; sourceTree = "<group>"; };
		1A39D8942AAF188000E4631E /* SettedLinkListViewModel.swift */ = {isa = PBXFileReference; lastKnownFileType = sourcecode.swift; path = SettedLinkListViewModel.swift; sourceTree = "<group>"; };
		1A39D8982AB146B400E4631E /* ImageExtension.swift */ = {isa = PBXFileReference; lastKnownFileType = sourcecode.swift; path = ImageExtension.swift; sourceTree = "<group>"; };
		1A39D89A2AB149AF00E4631E /* sampleView.swift */ = {isa = PBXFileReference; lastKnownFileType = sourcecode.swift; path = sampleView.swift; sourceTree = "<group>"; };
		1A39D89D2AB4405E00E4631E /* SharedPeopleListView.swift */ = {isa = PBXFileReference; lastKnownFileType = sourcecode.swift; path = SharedPeopleListView.swift; sourceTree = "<group>"; };
		1A39D89F2AB4406700E4631E /* SharedPeopleListViewModel.swift */ = {isa = PBXFileReference; lastKnownFileType = sourcecode.swift; path = SharedPeopleListViewModel.swift; sourceTree = "<group>"; };
		1A39D8A12AB83C8900E4631E /* TextListView.swift */ = {isa = PBXFileReference; lastKnownFileType = sourcecode.swift; path = TextListView.swift; sourceTree = "<group>"; };
		1A39D8A32AB83C9000E4631E /* TextListViewModel.swift */ = {isa = PBXFileReference; lastKnownFileType = sourcecode.swift; path = TextListViewModel.swift; sourceTree = "<group>"; };
		1A39D8A62AB83D1600E4631E /* ReservationListView.swift */ = {isa = PBXFileReference; lastKnownFileType = sourcecode.swift; path = ReservationListView.swift; sourceTree = "<group>"; };
		1A39D8A82AB83D1B00E4631E /* ReservationListViewModel.swift */ = {isa = PBXFileReference; lastKnownFileType = sourcecode.swift; path = ReservationListViewModel.swift; sourceTree = "<group>"; };
		1A4E7F7A2A89C4680009D0B6 /* ColorExtension.swift */ = {isa = PBXFileReference; lastKnownFileType = sourcecode.swift; path = ColorExtension.swift; sourceTree = "<group>"; };
		1A4E7F7D2A8B19120009D0B6 /* DetectOrientation.swift */ = {isa = PBXFileReference; lastKnownFileType = sourcecode.swift; path = DetectOrientation.swift; sourceTree = "<group>"; };
		1A4E7F7F2A8B28620009D0B6 /* OrientationStackView.swift */ = {isa = PBXFileReference; lastKnownFileType = sourcecode.swift; path = OrientationStackView.swift; sourceTree = "<group>"; };
		1A4E7F812A8B5F8B0009D0B6 /* Helper.swift */ = {isa = PBXFileReference; lastKnownFileType = sourcecode.swift; path = Helper.swift; sourceTree = "<group>"; };
		1A4E7F832A8C4E910009D0B6 /* CustomProgressView.swift */ = {isa = PBXFileReference; lastKnownFileType = sourcecode.swift; path = CustomProgressView.swift; sourceTree = "<group>"; };
		1A4E7F872A8C66D60009D0B6 /* ListView.swift */ = {isa = PBXFileReference; lastKnownFileType = sourcecode.swift; path = ListView.swift; sourceTree = "<group>"; };
		1A4E7F892A8C66DF0009D0B6 /* ListViewModel.swift */ = {isa = PBXFileReference; lastKnownFileType = sourcecode.swift; path = ListViewModel.swift; sourceTree = "<group>"; };
		1A4E7F8C2A8C69640009D0B6 /* CustomView.swift */ = {isa = PBXFileReference; lastKnownFileType = sourcecode.swift; path = CustomView.swift; sourceTree = "<group>"; };
		1A4E7F8E2A8F30330009D0B6 /* NotSettedView.swift */ = {isa = PBXFileReference; lastKnownFileType = sourcecode.swift; path = NotSettedView.swift; sourceTree = "<group>"; };
		1A4E7F902A8F303B0009D0B6 /* NotSettedViewModel.swift */ = {isa = PBXFileReference; lastKnownFileType = sourcecode.swift; path = NotSettedViewModel.swift; sourceTree = "<group>"; };
		1A4E7F932A91D9A40009D0B6 /* CheckListModel.swift */ = {isa = PBXFileReference; lastKnownFileType = sourcecode.swift; path = CheckListModel.swift; sourceTree = "<group>"; };
		1A4E7F952A92E98C0009D0B6 /* BlurView.swift */ = {isa = PBXFileReference; lastKnownFileType = sourcecode.swift; path = BlurView.swift; sourceTree = "<group>"; };
		1A4E7F972A92EFC80009D0B6 /* PaletteView.swift */ = {isa = PBXFileReference; lastKnownFileType = sourcecode.swift; path = PaletteView.swift; sourceTree = "<group>"; };
		1A4E7F9E2A93597D0009D0B6 /* DetailMultiListView.swift */ = {isa = PBXFileReference; lastKnownFileType = sourcecode.swift; path = DetailMultiListView.swift; sourceTree = "<group>"; };
		1A4E7FA12A9359970009D0B6 /* DetailMultiListViewModel.swift */ = {isa = PBXFileReference; lastKnownFileType = sourcecode.swift; path = DetailMultiListViewModel.swift; sourceTree = "<group>"; };
		1A4E7FA32A94401B0009D0B6 /* CheckListView1.swift */ = {isa = PBXFileReference; lastKnownFileType = sourcecode.swift; path = CheckListView1.swift; sourceTree = "<group>"; };
		1A4E7FA62A94408E0009D0B6 /* CheckListViewModel.swift */ = {isa = PBXFileReference; lastKnownFileType = sourcecode.swift; path = CheckListViewModel.swift; sourceTree = "<group>"; };
		1A4E7FAB2A9493C20009D0B6 /* LinkListView1.swift */ = {isa = PBXFileReference; lastKnownFileType = sourcecode.swift; path = LinkListView1.swift; sourceTree = "<group>"; };
		1A4E7FAD2A9493CB0009D0B6 /* LinkListViewModel.swift */ = {isa = PBXFileReference; lastKnownFileType = sourcecode.swift; path = LinkListViewModel.swift; sourceTree = "<group>"; };
		1A4E7FB02A94945B0009D0B6 /* LinkListModel.swift */ = {isa = PBXFileReference; lastKnownFileType = sourcecode.swift; path = LinkListModel.swift; sourceTree = "<group>"; };
		1A51BFF62AB962D5006A7671 /* LinkImage.swift */ = {isa = PBXFileReference; lastKnownFileType = sourcecode.swift; path = LinkImage.swift; sourceTree = "<group>"; };
		1A6FA12F2AC811BA0067F464 /* LinkListView.swift */ = {isa = PBXFileReference; lastKnownFileType = sourcecode.swift; path = LinkListView.swift; sourceTree = "<group>"; };
		1A6FA1312AC817080067F464 /* SettedTextListView.swift */ = {isa = PBXFileReference; lastKnownFileType = sourcecode.swift; path = SettedTextListView.swift; sourceTree = "<group>"; };
		1A6FA1332AC8170E0067F464 /* SettedTextListViewModel.swift */ = {isa = PBXFileReference; lastKnownFileType = sourcecode.swift; path = SettedTextListViewModel.swift; sourceTree = "<group>"; };
		1A704C612A806FE800CBEF26 /* MultiList.app */ = {isa = PBXFileReference; explicitFileType = wrapper.application; includeInIndex = 0; path = MultiList.app; sourceTree = BUILT_PRODUCTS_DIR; };
		1A704C642A806FE800CBEF26 /* MultiListApp.swift */ = {isa = PBXFileReference; lastKnownFileType = sourcecode.swift; path = MultiListApp.swift; sourceTree = "<group>"; };
		1A704C662A806FE800CBEF26 /* ContentView.swift */ = {isa = PBXFileReference; lastKnownFileType = sourcecode.swift; path = ContentView.swift; sourceTree = "<group>"; };
		1A704C682A806FE800CBEF26 /* Assets.xcassets */ = {isa = PBXFileReference; lastKnownFileType = folder.assetcatalog; path = Assets.xcassets; sourceTree = "<group>"; };
		1A704C6B2A806FE800CBEF26 /* Preview Assets.xcassets */ = {isa = PBXFileReference; lastKnownFileType = folder.assetcatalog; path = "Preview Assets.xcassets"; sourceTree = "<group>"; };
		1A704C6D2A806FE800CBEF26 /* Persistence.swift */ = {isa = PBXFileReference; lastKnownFileType = sourcecode.swift; path = Persistence.swift; sourceTree = "<group>"; };
		1A704C702A806FE800CBEF26 /* MultiList.xcdatamodel */ = {isa = PBXFileReference; lastKnownFileType = wrapper.xcdatamodel; path = MultiList.xcdatamodel; sourceTree = "<group>"; };
		1A704C772A8070A300CBEF26 /* LoginView.swift */ = {isa = PBXFileReference; lastKnownFileType = sourcecode.swift; path = LoginView.swift; sourceTree = "<group>"; };
		1A704C7C2A8070D800CBEF26 /* LoginViewModel.swift */ = {isa = PBXFileReference; lastKnownFileType = sourcecode.swift; path = LoginViewModel.swift; sourceTree = "<group>"; };
		1A704C7E2A80736400CBEF26 /* ButtonScaleEffect.swift */ = {isa = PBXFileReference; lastKnownFileType = sourcecode.swift; path = ButtonScaleEffect.swift; sourceTree = "<group>"; };
		1A824B8E2AC134B700874762 /* MyItemModel.swift */ = {isa = PBXFileReference; lastKnownFileType = sourcecode.swift; path = MyItemModel.swift; sourceTree = "<group>"; };
		1A824B902AC1606A00874762 /* PhotosPickerView.swift */ = {isa = PBXFileReference; lastKnownFileType = sourcecode.swift; path = PhotosPickerView.swift; sourceTree = "<group>"; };
		1A824B922AC1630600874762 /* PhotosPickerViewModel.swift */ = {isa = PBXFileReference; lastKnownFileType = sourcecode.swift; path = PhotosPickerViewModel.swift; sourceTree = "<group>"; };
		1A824B992AC262AC00874762 /* TextItemView.swift */ = {isa = PBXFileReference; lastKnownFileType = sourcecode.swift; path = TextItemView.swift; sourceTree = "<group>"; };
		1A824B9B2AC262B400874762 /* TextItemViewModel.swift */ = {isa = PBXFileReference; lastKnownFileType = sourcecode.swift; path = TextItemViewModel.swift; sourceTree = "<group>"; };
		1A824B9E2AC26BA200874762 /* MyItemView.swift */ = {isa = PBXFileReference; lastKnownFileType = sourcecode.swift; path = MyItemView.swift; sourceTree = "<group>"; };
		1A824BA12AC2832B00874762 /* MyItemViewModel.swift */ = {isa = PBXFileReference; lastKnownFileType = sourcecode.swift; path = MyItemViewModel.swift; sourceTree = "<group>"; };
		1A84123E2A808D6C00BD1BF5 /* Langguages.swift */ = {isa = PBXFileReference; lastKnownFileType = sourcecode.swift; path = Langguages.swift; sourceTree = "<group>"; };
		1A8412402A8097DB00BD1BF5 /* Info.plist */ = {isa = PBXFileReference; lastKnownFileType = text.plist; path = Info.plist; sourceTree = "<group>"; };
		1A8412472A80A66900BD1BF5 /* HomeView.swift */ = {isa = PBXFileReference; lastKnownFileType = sourcecode.swift; path = HomeView.swift; sourceTree = "<group>"; };
		1A8412492A80A6C000BD1BF5 /* HomeViewModel.swift */ = {isa = PBXFileReference; lastKnownFileType = sourcecode.swift; path = HomeViewModel.swift; sourceTree = "<group>"; };
		1A84124B2A80CEFA00BD1BF5 /* MultiList.entitlements */ = {isa = PBXFileReference; lastKnownFileType = text.plist.entitlements; path = MultiList.entitlements; sourceTree = "<group>"; };
		1A84125A2A84937700BD1BF5 /* GoogleService-Info.plist */ = {isa = PBXFileReference; fileEncoding = 4; lastKnownFileType = text.plist.xml; path = "GoogleService-Info.plist"; sourceTree = "<group>"; };
		1A84125F2A860C1300BD1BF5 /* UserSettingView.swift */ = {isa = PBXFileReference; lastKnownFileType = sourcecode.swift; path = UserSettingView.swift; sourceTree = "<group>"; };
		1A8412622A860C3A00BD1BF5 /* UserSettingViewModel.swift */ = {isa = PBXFileReference; lastKnownFileType = sourcecode.swift; path = UserSettingViewModel.swift; sourceTree = "<group>"; };
		1A8412642A860D8300BD1BF5 /* UserModel.swift */ = {isa = PBXFileReference; lastKnownFileType = sourcecode.swift; path = UserModel.swift; sourceTree = "<group>"; };
		1ACAEB822ACBFB51004AB73A /* CustomButtonsViews.swift */ = {isa = PBXFileReference; lastKnownFileType = sourcecode.swift; path = CustomButtonsViews.swift; sourceTree = "<group>"; };
		1ADB95F32AC7E2C600005BEF /* TextListModel.swift */ = {isa = PBXFileReference; lastKnownFileType = sourcecode.swift; path = TextListModel.swift; sourceTree = "<group>"; };
		1ADB95F62AC7F27A00005BEF /* TextListImage.swift */ = {isa = PBXFileReference; lastKnownFileType = sourcecode.swift; path = TextListImage.swift; sourceTree = "<group>"; };
		1ADB95F82AC7F6D200005BEF /* ReservationListModel.swift */ = {isa = PBXFileReference; lastKnownFileType = sourcecode.swift; path = ReservationListModel.swift; sourceTree = "<group>"; };
		1ADB95FA2AC7F82F00005BEF /* ReservationListImage.swift */ = {isa = PBXFileReference; lastKnownFileType = sourcecode.swift; path = ReservationListImage.swift; sourceTree = "<group>"; };
		1AF113EF2A949FB00098C87F /* CheckListImge.swift */ = {isa = PBXFileReference; lastKnownFileType = sourcecode.swift; path = CheckListImge.swift; sourceTree = "<group>"; };
		1AF113F12A94A4130098C87F /* LinkListImage.swift */ = {isa = PBXFileReference; lastKnownFileType = sourcecode.swift; path = LinkListImage.swift; sourceTree = "<group>"; };
		1AF113F32A94AD270098C87F /* AddButton.swift */ = {isa = PBXFileReference; lastKnownFileType = sourcecode.swift; path = AddButton.swift; sourceTree = "<group>"; };
		1AF113F52A95EB4C0098C87F /* UserData.swift */ = {isa = PBXFileReference; lastKnownFileType = sourcecode.swift; path = UserData.swift; sourceTree = "<group>"; };
		1AF113F72A9C9FE00098C87F /* ListEmptyView.swift */ = {isa = PBXFileReference; lastKnownFileType = sourcecode.swift; path = ListEmptyView.swift; sourceTree = "<group>"; };
		1AF113F92A9D73190098C87F /* LinkWebView.swift */ = {isa = PBXFileReference; lastKnownFileType = sourcecode.swift; path = LinkWebView.swift; sourceTree = "<group>"; };
		1AF113FC2A9D75810098C87F /* WebView.swift */ = {isa = PBXFileReference; lastKnownFileType = sourcecode.swift; path = WebView.swift; sourceTree = "<group>"; };
		1AF114032A9F00350098C87F /* CustomAlertView.swift */ = {isa = PBXFileReference; lastKnownFileType = sourcecode.swift; path = CustomAlertView.swift; sourceTree = "<group>"; };
		1AF114052A9F35B80098C87F /* ShareSheetView.swift */ = {isa = PBXFileReference; lastKnownFileType = sourcecode.swift; path = ShareSheetView.swift; sourceTree = "<group>"; };
		1AF114082A9F36130098C87F /* ShareSheetViewModel.swift */ = {isa = PBXFileReference; lastKnownFileType = sourcecode.swift; path = ShareSheetViewModel.swift; sourceTree = "<group>"; };
		1AF1140A2A9F49370098C87F /* FindUserFriendView.swift */ = {isa = PBXFileReference; lastKnownFileType = sourcecode.swift; path = FindUserFriendView.swift; sourceTree = "<group>"; };
		1AF1140C2A9F49460098C87F /* FindUserFriendViewModel.swift */ = {isa = PBXFileReference; lastKnownFileType = sourcecode.swift; path = FindUserFriendViewModel.swift; sourceTree = "<group>"; };
		1AF1140F2AA1AAF10098C87F /* SharePeopleListView.swift */ = {isa = PBXFileReference; lastKnownFileType = sourcecode.swift; path = SharePeopleListView.swift; sourceTree = "<group>"; };
		1AF114112AA1AAFF0098C87F /* SharePeopleListViewModel.swift */ = {isa = PBXFileReference; lastKnownFileType = sourcecode.swift; path = SharePeopleListViewModel.swift; sourceTree = "<group>"; };
		1AF114162AA56C9E0098C87F /* SectionStorageView.swift */ = {isa = PBXFileReference; lastKnownFileType = sourcecode.swift; path = SectionStorageView.swift; sourceTree = "<group>"; };
		1AF114182AA56CAB0098C87F /* SectionStorageViewModel.swift */ = {isa = PBXFileReference; lastKnownFileType = sourcecode.swift; path = SectionStorageViewModel.swift; sourceTree = "<group>"; };
		1AF1141B2AA6D05C0098C87F /* Sample.swift */ = {isa = PBXFileReference; lastKnownFileType = sourcecode.swift; path = Sample.swift; sourceTree = "<group>"; };
		1AF1141D2AA71A3E0098C87F /* SectionListModel.swift */ = {isa = PBXFileReference; lastKnownFileType = sourcecode.swift; path = SectionListModel.swift; sourceTree = "<group>"; };
		1AF1141F2AA71A680098C87F /* FriendModel.swift */ = {isa = PBXFileReference; lastKnownFileType = sourcecode.swift; path = FriendModel.swift; sourceTree = "<group>"; };
		1AF114212AA71A7C0098C87F /* MultiListModel.swift */ = {isa = PBXFileReference; lastKnownFileType = sourcecode.swift; path = MultiListModel.swift; sourceTree = "<group>"; };
		1AF114232AA71BA00098C87F /* ShareMultiListModel.swift */ = {isa = PBXFileReference; lastKnownFileType = sourcecode.swift; name = ShareMultiListModel.swift; path = ../ShareMultiListModel.swift; sourceTree = "<group>"; };
		7025139252B8DB5F5116C693 /* Pods-MultiList.release.xcconfig */ = {isa = PBXFileReference; includeInIndex = 1; lastKnownFileType = text.xcconfig; name = "Pods-MultiList.release.xcconfig"; path = "Target Support Files/Pods-MultiList/Pods-MultiList.release.xcconfig"; sourceTree = "<group>"; };
		7C3426BF30FE3F8C622FF16D /* Pods-MultiList.debug.xcconfig */ = {isa = PBXFileReference; includeInIndex = 1; lastKnownFileType = text.xcconfig; name = "Pods-MultiList.debug.xcconfig"; path = "Target Support Files/Pods-MultiList/Pods-MultiList.debug.xcconfig"; sourceTree = "<group>"; };
		E5DA7AE246DE9064DFE79F85 /* Pods_MultiList.framework */ = {isa = PBXFileReference; explicitFileType = wrapper.framework; includeInIndex = 0; path = Pods_MultiList.framework; sourceTree = BUILT_PRODUCTS_DIR; };
/* End PBXFileReference section */

/* Begin PBXFrameworksBuildPhase section */
		1A704C5E2A806FE800CBEF26 /* Frameworks */ = {
			isa = PBXFrameworksBuildPhase;
			buildActionMask = 2147483647;
			files = (
				1A84125C2A84D22B00BD1BF5 /* Pods_MultiList.framework in Frameworks */,
				1A8412432A80987D00BD1BF5 /* GoogleSignIn in Frameworks */,
				1A4E7FAA2A944F420009D0B6 /* PieChart in Frameworks */,
				1A8412542A82571800BD1BF5 /* KakaoSDKShare in Frameworks */,
				1A8412522A82571800BD1BF5 /* KakaoSDKCommon in Frameworks */,
				1A8412372A8081EF00BD1BF5 /* FirebaseRemoteConfig in Frameworks */,
				1A8412392A8081EF00BD1BF5 /* FirebaseStorage in Frameworks */,
				1A8412332A8081EF00BD1BF5 /* FirebaseAuth in Frameworks */,
				1A8412352A8081EF00BD1BF5 /* FirebaseFirestore in Frameworks */,
				1A8412502A82571800BD1BF5 /* KakaoSDKAuth in Frameworks */,
				1A8412562A82571800BD1BF5 /* KakaoSDKUser in Frameworks */,
			);
			runOnlyForDeploymentPostprocessing = 0;
		};
/* End PBXFrameworksBuildPhase section */

/* Begin PBXGroup section */
		1A39D88F2AAF184500E4631E /* NotSettedScenes */ = {
			isa = PBXGroup;
			children = (
				1A4E7F8E2A8F30330009D0B6 /* NotSettedView.swift */,
				1A4E7F902A8F303B0009D0B6 /* NotSettedViewModel.swift */,
			);
			path = NotSettedScenes;
			sourceTree = "<group>";
		};
		1A39D8962AAF188500E4631E /* SettedCheckListScenes */ = {
			isa = PBXGroup;
			children = (
				1A39D88D2AAF183E00E4631E /* SettedCheckListView.swift */,
				1A39D8902AAF186200E4631E /* SettedCheckListViewModel.swift */,
			);
			path = SettedCheckListScenes;
			sourceTree = "<group>";
		};
		1A39D8972AAF191600E4631E /* SettedLinkListScenes */ = {
			isa = PBXGroup;
			children = (
				1A39D8922AAF187500E4631E /* SettedLinkListView.swift */,
				1A39D8942AAF188000E4631E /* SettedLinkListViewModel.swift */,
			);
			path = SettedLinkListScenes;
			sourceTree = "<group>";
		};
		1A39D8A52AB83CCC00E4631E /* 01_TextListScenes */ = {
			isa = PBXGroup;
			children = (
				1A39D8A12AB83C8900E4631E /* TextListView.swift */,
				1A39D8A32AB83C9000E4631E /* TextListViewModel.swift */,
			);
			path = 01_TextListScenes;
			sourceTree = "<group>";
		};
		1A39D8AA2AB83D4100E4631E /* ReservationListScenes */ = {
			isa = PBXGroup;
			children = (
				1A39D8A62AB83D1600E4631E /* ReservationListView.swift */,
				1A39D8A82AB83D1B00E4631E /* ReservationListViewModel.swift */,
			);
			path = ReservationListScenes;
			sourceTree = "<group>";
		};
		1A4E7F7C2A8B18FD0009D0B6 /* Helper */ = {
			isa = PBXGroup;
			children = (
				1A39D89A2AB149AF00E4631E /* sampleView.swift */,
				1ACAEB802ACBDCBD004AB73A /* CustomViews */,
				1ACAEB812ACBDCD6004AB73A /* Extenstions */,
				1A4E7F7D2A8B19120009D0B6 /* DetectOrientation.swift */,
				1A4E7F7F2A8B28620009D0B6 /* OrientationStackView.swift */,
				1A4E7F812A8B5F8B0009D0B6 /* Helper.swift */,
				1ADB95F52AC7F26700005BEF /* ContentListImage */,
			);
			path = Helper;
			sourceTree = "<group>";
		};
		1A4E7F8B2A8C66E20009D0B6 /* ListScenes */ = {
			isa = PBXGroup;
			children = (
				1A4E7F872A8C66D60009D0B6 /* ListView.swift */,
				1A4E7F892A8C66DF0009D0B6 /* ListViewModel.swift */,
				1A51BFF62AB962D5006A7671 /* LinkImage.swift */,
				1A4E7F922A8F30410009D0B6 /* MultiListScenes */,
				1A4E7F9D2A92FBC50009D0B6 /* EditSectionScenes */,
			);
			path = ListScenes;
			sourceTree = "<group>";
		};
		1A4E7F922A8F30410009D0B6 /* MultiListScenes */ = {
			isa = PBXGroup;
			children = (
				1A39D88F2AAF184500E4631E /* NotSettedScenes */,
				1A6FA1352AC817580067F464 /* SettedTextListScenes */,
				1A39D8962AAF188500E4631E /* SettedCheckListScenes */,
				1A39D8972AAF191600E4631E /* SettedLinkListScenes */,
			);
			path = MultiListScenes;
			sourceTree = "<group>";
		};
		1A4E7F9D2A92FBC50009D0B6 /* EditSectionScenes */ = {
			isa = PBXGroup;
			children = (
				1A4E7F972A92EFC80009D0B6 /* PaletteView.swift */,
			);
			path = EditSectionScenes;
			sourceTree = "<group>";
		};
		1A4E7FA02A9359830009D0B6 /* DetailMultiScenes */ = {
			isa = PBXGroup;
			children = (
				1A4E7F9E2A93597D0009D0B6 /* DetailMultiListView.swift */,
				1A4E7FA12A9359970009D0B6 /* DetailMultiListViewModel.swift */,
				1A39D8A52AB83CCC00E4631E /* 01_TextListScenes */,
				1A4E7FA52A94407B0009D0B6 /* 02_CheckListScenes */,
				1A4E7FAF2A9493CE0009D0B6 /* 03_LinkListScenes */,
				1A39D8AA2AB83D4100E4631E /* ReservationListScenes */,
				1A39D89D2AB4405E00E4631E /* SharedPeopleListView.swift */,
				1A39D89F2AB4406700E4631E /* SharedPeopleListViewModel.swift */,
			);
			path = DetailMultiScenes;
			sourceTree = "<group>";
		};
		1A4E7FA52A94407B0009D0B6 /* 02_CheckListScenes */ = {
			isa = PBXGroup;
			children = (
				1A0BD54D2ABC53B8005C862C /* CheckListView.swift */,
				1A4E7FA62A94408E0009D0B6 /* CheckListViewModel.swift */,
				1A4E7FA32A94401B0009D0B6 /* CheckListView1.swift */,
			);
			path = 02_CheckListScenes;
			sourceTree = "<group>";
		};
		1A4E7FAF2A9493CE0009D0B6 /* 03_LinkListScenes */ = {
			isa = PBXGroup;
			children = (
				1A6FA12F2AC811BA0067F464 /* LinkListView.swift */,
				1A4E7FAB2A9493C20009D0B6 /* LinkListView1.swift */,
				1A4E7FAD2A9493CB0009D0B6 /* LinkListViewModel.swift */,
				1AF113FB2A9D75630098C87F /* LinkWebScenes */,
			);
			path = 03_LinkListScenes;
			sourceTree = "<group>";
		};
		1A6FA1352AC817580067F464 /* SettedTextListScenes */ = {
			isa = PBXGroup;
			children = (
				1A6FA1312AC817080067F464 /* SettedTextListView.swift */,
				1A6FA1332AC8170E0067F464 /* SettedTextListViewModel.swift */,
			);
			path = SettedTextListScenes;
			sourceTree = "<group>";
		};
		1A704C582A806FE800CBEF26 = {
			isa = PBXGroup;
			children = (
				1A704C632A806FE800CBEF26 /* MultiList */,
				1A704C622A806FE800CBEF26 /* Products */,
				B2B197B3ACEE4CA886CC8C0F /* Pods */,
				8244CB83DA559E9A5B2BF56E /* Frameworks */,
			);
			sourceTree = "<group>";
		};
		1A704C622A806FE800CBEF26 /* Products */ = {
			isa = PBXGroup;
			children = (
				1A704C612A806FE800CBEF26 /* MultiList.app */,
			);
			name = Products;
			sourceTree = "<group>";
		};
		1A704C632A806FE800CBEF26 /* MultiList */ = {
			isa = PBXGroup;
			children = (
				1A84124B2A80CEFA00BD1BF5 /* MultiList.entitlements */,
				1A8412402A8097DB00BD1BF5 /* Info.plist */,
				1A704C642A806FE800CBEF26 /* MultiListApp.swift */,
				1A704C662A806FE800CBEF26 /* ContentView.swift */,
				1A8412462A80A65900BD1BF5 /* HomeScenes */,
				1AF1141A2AA56CC60098C87F /* SectionStorageScenes */,
				1A4E7FA02A9359830009D0B6 /* DetailMultiScenes */,
				1A8412612A860C1B00BD1BF5 /* UserSettingScenes */,
				1A8412662A860E1B00BD1BF5 /* Entity */,
				1A4E7F7C2A8B18FD0009D0B6 /* Helper */,
				1A84123E2A808D6C00BD1BF5 /* Langguages.swift */,
				1A704C682A806FE800CBEF26 /* Assets.xcassets */,
				1A704C6D2A806FE800CBEF26 /* Persistence.swift */,
				1A704C6F2A806FE800CBEF26 /* MultiList.xcdatamodeld */,
				1A84125A2A84937700BD1BF5 /* GoogleService-Info.plist */,
				1A704C6A2A806FE800CBEF26 /* Preview Content */,
			);
			path = MultiList;
			sourceTree = "<group>";
		};
		1A704C6A2A806FE800CBEF26 /* Preview Content */ = {
			isa = PBXGroup;
			children = (
				1A704C6B2A806FE800CBEF26 /* Preview Assets.xcassets */,
			);
			path = "Preview Content";
			sourceTree = "<group>";
		};
		1A704C7B2A8070B300CBEF26 /* LoginScenes */ = {
			isa = PBXGroup;
			children = (
				1A704C772A8070A300CBEF26 /* LoginView.swift */,
				1A704C7C2A8070D800CBEF26 /* LoginViewModel.swift */,
				1A824BA02AC26BCC00874762 /* MyItemsScenes */,
			);
			path = LoginScenes;
			sourceTree = "<group>";
		};
		1A824B942AC2627300874762 /* PhotoItemsScenes */ = {
			isa = PBXGroup;
			children = (
				1A824B902AC1606A00874762 /* PhotosPickerView.swift */,
				1A824B922AC1630600874762 /* PhotosPickerViewModel.swift */,
			);
			path = PhotoItemsScenes;
			sourceTree = "<group>";
		};
		1A824B9D2AC262BB00874762 /* TextItemScenes */ = {
			isa = PBXGroup;
			children = (
				1A824B992AC262AC00874762 /* TextItemView.swift */,
				1A824B9B2AC262B400874762 /* TextItemViewModel.swift */,
			);
			path = TextItemScenes;
			sourceTree = "<group>";
		};
		1A824BA02AC26BCC00874762 /* MyItemsScenes */ = {
			isa = PBXGroup;
			children = (
				1A824B9E2AC26BA200874762 /* MyItemView.swift */,
				1A824BA12AC2832B00874762 /* MyItemViewModel.swift */,
				1A824B9D2AC262BB00874762 /* TextItemScenes */,
				1A824B942AC2627300874762 /* PhotoItemsScenes */,
			);
			path = MyItemsScenes;
			sourceTree = "<group>";
		};
		1A8412462A80A65900BD1BF5 /* HomeScenes */ = {
			isa = PBXGroup;
			children = (
				1A8412472A80A66900BD1BF5 /* HomeView.swift */,
				1A8412492A80A6C000BD1BF5 /* HomeViewModel.swift */,
				1AF114152AA1AB8D0098C87F /* HomeSubScenes */,
				1AF114142AA1AB3D0098C87F /* ShareScenes */,
			);
			path = HomeScenes;
			sourceTree = "<group>";
		};
		1A8412612A860C1B00BD1BF5 /* UserSettingScenes */ = {
			isa = PBXGroup;
			children = (
				1A84125F2A860C1300BD1BF5 /* UserSettingView.swift */,
				1A8412622A860C3A00BD1BF5 /* UserSettingViewModel.swift */,
				1AF1140E2A9F4ABB0098C87F /* FindUserFriendScenes */,
			);
			path = UserSettingScenes;
			sourceTree = "<group>";
		};
		1A8412662A860E1B00BD1BF5 /* Entity */ = {
			isa = PBXGroup;
			children = (
				1AF113F52A95EB4C0098C87F /* UserData.swift */,
				1AF1141B2AA6D05C0098C87F /* Sample.swift */,
				1ADB95F22AC7E0D000005BEF /* UserInfoModels */,
				1ADB95F12AC7E0B800005BEF /* MultiListModels */,
			);
			path = Entity;
			sourceTree = "<group>";
		};
		1ACAEB802ACBDCBD004AB73A /* CustomViews */ = {
			isa = PBXGroup;
			children = (
				1A0BD54B2ABC3B39005C862C /* MaskAndOrderdListView.swift */,
				1AF114032A9F00350098C87F /* CustomAlertView.swift */,
				1ACAEB822ACBFB51004AB73A /* CustomButtonsViews.swift */,
				1A4E7F8C2A8C69640009D0B6 /* CustomView.swift */,
				1A4E7F832A8C4E910009D0B6 /* CustomProgressView.swift */,
				1AF113F32A94AD270098C87F /* AddButton.swift */,
				1AF113F72A9C9FE00098C87F /* ListEmptyView.swift */,
				1A4E7F952A92E98C0009D0B6 /* BlurView.swift */,
			);
			path = CustomViews;
			sourceTree = "<group>";
		};
		1ACAEB812ACBDCD6004AB73A /* Extenstions */ = {
			isa = PBXGroup;
			children = (
				1A704C7E2A80736400CBEF26 /* ButtonScaleEffect.swift */,
				1A4E7F7A2A89C4680009D0B6 /* ColorExtension.swift */,
				1A39D8982AB146B400E4631E /* ImageExtension.swift */,
			);
			path = Extenstions;
			sourceTree = "<group>";
		};
		1ADB95F12AC7E0B800005BEF /* MultiListModels */ = {
			isa = PBXGroup;
			children = (
				1AF114212AA71A7C0098C87F /* MultiListModel.swift */,
				1ADB95F32AC7E2C600005BEF /* TextListModel.swift */,
				1A4E7F932A91D9A40009D0B6 /* CheckListModel.swift */,
				1A4E7FB02A94945B0009D0B6 /* LinkListModel.swift */,
				1ADB95F82AC7F6D200005BEF /* ReservationListModel.swift */,
			);
			path = MultiListModels;
			sourceTree = "<group>";
		};
		1ADB95F22AC7E0D000005BEF /* UserInfoModels */ = {
			isa = PBXGroup;
			children = (
				1A8412642A860D8300BD1BF5 /* UserModel.swift */,
				1A824B8E2AC134B700874762 /* MyItemModel.swift */,
				1AF1141D2AA71A3E0098C87F /* SectionListModel.swift */,
				1AF1141F2AA71A680098C87F /* FriendModel.swift */,
				1AF114232AA71BA00098C87F /* ShareMultiListModel.swift */,
			);
			path = UserInfoModels;
			sourceTree = "<group>";
		};
		1ADB95F52AC7F26700005BEF /* ContentListImage */ = {
			isa = PBXGroup;
			children = (
				1ADB95F62AC7F27A00005BEF /* TextListImage.swift */,
				1AF113EF2A949FB00098C87F /* CheckListImge.swift */,
				1AF113F12A94A4130098C87F /* LinkListImage.swift */,
				1ADB95FA2AC7F82F00005BEF /* ReservationListImage.swift */,
			);
			path = ContentListImage;
			sourceTree = "<group>";
		};
		1AF113FB2A9D75630098C87F /* LinkWebScenes */ = {
			isa = PBXGroup;
			children = (
				1AF113F92A9D73190098C87F /* LinkWebView.swift */,
				1AF113FC2A9D75810098C87F /* WebView.swift */,
			);
			path = LinkWebScenes;
			sourceTree = "<group>";
		};
		1AF114072A9F35BC0098C87F /* ShareSheetScenes */ = {
			isa = PBXGroup;
			children = (
				1AF114052A9F35B80098C87F /* ShareSheetView.swift */,
				1AF114082A9F36130098C87F /* ShareSheetViewModel.swift */,
			);
			path = ShareSheetScenes;
			sourceTree = "<group>";
		};
		1AF1140E2A9F4ABB0098C87F /* FindUserFriendScenes */ = {
			isa = PBXGroup;
			children = (
				1AF1140A2A9F49370098C87F /* FindUserFriendView.swift */,
				1AF1140C2A9F49460098C87F /* FindUserFriendViewModel.swift */,
			);
			path = FindUserFriendScenes;
			sourceTree = "<group>";
		};
		1AF114132AA1AB190098C87F /* SharePeopleListScenes */ = {
			isa = PBXGroup;
			children = (
				1AF1140F2AA1AAF10098C87F /* SharePeopleListView.swift */,
				1AF114112AA1AAFF0098C87F /* SharePeopleListViewModel.swift */,
			);
			path = SharePeopleListScenes;
			sourceTree = "<group>";
		};
		1AF114142AA1AB3D0098C87F /* ShareScenes */ = {
			isa = PBXGroup;
			children = (
				1AF114132AA1AB190098C87F /* SharePeopleListScenes */,
				1AF114072A9F35BC0098C87F /* ShareSheetScenes */,
			);
			path = ShareScenes;
			sourceTree = "<group>";
		};
		1AF114152AA1AB8D0098C87F /* HomeSubScenes */ = {
			isa = PBXGroup;
			children = (
				1A704C7B2A8070B300CBEF26 /* LoginScenes */,
				1A4E7F8B2A8C66E20009D0B6 /* ListScenes */,
			);
			path = HomeSubScenes;
			sourceTree = "<group>";
		};
		1AF1141A2AA56CC60098C87F /* SectionStorageScenes */ = {
			isa = PBXGroup;
			children = (
				1AF114162AA56C9E0098C87F /* SectionStorageView.swift */,
				1AF114182AA56CAB0098C87F /* SectionStorageViewModel.swift */,
			);
			path = SectionStorageScenes;
			sourceTree = "<group>";
		};
		8244CB83DA559E9A5B2BF56E /* Frameworks */ = {
			isa = PBXGroup;
			children = (
				E5DA7AE246DE9064DFE79F85 /* Pods_MultiList.framework */,
			);
			name = Frameworks;
			sourceTree = "<group>";
		};
		B2B197B3ACEE4CA886CC8C0F /* Pods */ = {
			isa = PBXGroup;
			children = (
				7C3426BF30FE3F8C622FF16D /* Pods-MultiList.debug.xcconfig */,
				7025139252B8DB5F5116C693 /* Pods-MultiList.release.xcconfig */,
			);
			path = Pods;
			sourceTree = "<group>";
		};
/* End PBXGroup section */

/* Begin PBXNativeTarget section */
		1A704C602A806FE800CBEF26 /* MultiList */ = {
			isa = PBXNativeTarget;
			buildConfigurationList = 1A704C742A806FE800CBEF26 /* Build configuration list for PBXNativeTarget "MultiList" */;
			buildPhases = (
				F47530DFD5C9407757CAD196 /* [CP] Check Pods Manifest.lock */,
				1A704C5D2A806FE800CBEF26 /* Sources */,
				1A704C5E2A806FE800CBEF26 /* Frameworks */,
				1A704C5F2A806FE800CBEF26 /* Resources */,
				D9D971B7E8951221D0FBA11B /* [CP] Embed Pods Frameworks */,
			);
			buildRules = (
			);
			dependencies = (
			);
			name = MultiList;
			packageProductDependencies = (
				1A8412322A8081EF00BD1BF5 /* FirebaseAuth */,
				1A8412342A8081EF00BD1BF5 /* FirebaseFirestore */,
				1A8412362A8081EF00BD1BF5 /* FirebaseRemoteConfig */,
				1A8412382A8081EF00BD1BF5 /* FirebaseStorage */,
				1A8412422A80987D00BD1BF5 /* GoogleSignIn */,
				1A84124F2A82571800BD1BF5 /* KakaoSDKAuth */,
				1A8412512A82571800BD1BF5 /* KakaoSDKCommon */,
				1A8412532A82571800BD1BF5 /* KakaoSDKShare */,
				1A8412552A82571800BD1BF5 /* KakaoSDKUser */,
				1A4E7FA92A944F420009D0B6 /* PieChart */,
			);
			productName = MultiList;
			productReference = 1A704C612A806FE800CBEF26 /* MultiList.app */;
			productType = "com.apple.product-type.application";
		};
/* End PBXNativeTarget section */

/* Begin PBXProject section */
		1A704C592A806FE800CBEF26 /* Project object */ = {
			isa = PBXProject;
			attributes = {
				BuildIndependentTargetsInParallel = 1;
				LastSwiftUpdateCheck = 1430;
				LastUpgradeCheck = 1430;
				TargetAttributes = {
					1A704C602A806FE800CBEF26 = {
						CreatedOnToolsVersion = 14.3.1;
					};
				};
			};
			buildConfigurationList = 1A704C5C2A806FE800CBEF26 /* Build configuration list for PBXProject "MultiList" */;
			compatibilityVersion = "Xcode 14.0";
			developmentRegion = en;
			hasScannedForEncodings = 0;
			knownRegions = (
				en,
				Base,
			);
			mainGroup = 1A704C582A806FE800CBEF26;
			packageReferences = (
				1A8412312A8081EF00BD1BF5 /* XCRemoteSwiftPackageReference "firebase-ios-sdk" */,
				1A8412412A80987D00BD1BF5 /* XCRemoteSwiftPackageReference "GoogleSignIn-iOS" */,
				1A84124E2A82571800BD1BF5 /* XCRemoteSwiftPackageReference "kakao-ios-sdk" */,
				1A4E7FA82A944F420009D0B6 /* XCRemoteSwiftPackageReference "SwiftUI-PieChart" */,
			);
			productRefGroup = 1A704C622A806FE800CBEF26 /* Products */;
			projectDirPath = "";
			projectRoot = "";
			targets = (
				1A704C602A806FE800CBEF26 /* MultiList */,
			);
		};
/* End PBXProject section */

/* Begin PBXResourcesBuildPhase section */
		1A704C5F2A806FE800CBEF26 /* Resources */ = {
			isa = PBXResourcesBuildPhase;
			buildActionMask = 2147483647;
			files = (
				1A704C6C2A806FE800CBEF26 /* Preview Assets.xcassets in Resources */,
				1A704C692A806FE800CBEF26 /* Assets.xcassets in Resources */,
				1A84125B2A84937700BD1BF5 /* GoogleService-Info.plist in Resources */,
			);
			runOnlyForDeploymentPostprocessing = 0;
		};
/* End PBXResourcesBuildPhase section */

/* Begin PBXShellScriptBuildPhase section */
		D9D971B7E8951221D0FBA11B /* [CP] Embed Pods Frameworks */ = {
			isa = PBXShellScriptBuildPhase;
			buildActionMask = 2147483647;
			files = (
			);
			inputFileListPaths = (
				"${PODS_ROOT}/Target Support Files/Pods-MultiList/Pods-MultiList-frameworks-${CONFIGURATION}-input-files.xcfilelist",
			);
			name = "[CP] Embed Pods Frameworks";
			outputFileListPaths = (
				"${PODS_ROOT}/Target Support Files/Pods-MultiList/Pods-MultiList-frameworks-${CONFIGURATION}-output-files.xcfilelist",
			);
			runOnlyForDeploymentPostprocessing = 0;
			shellPath = /bin/sh;
			shellScript = "\"${PODS_ROOT}/Target Support Files/Pods-MultiList/Pods-MultiList-frameworks.sh\"\n";
			showEnvVarsInLog = 0;
		};
		F47530DFD5C9407757CAD196 /* [CP] Check Pods Manifest.lock */ = {
			isa = PBXShellScriptBuildPhase;
			buildActionMask = 2147483647;
			files = (
			);
			inputFileListPaths = (
			);
			inputPaths = (
				"${PODS_PODFILE_DIR_PATH}/Podfile.lock",
				"${PODS_ROOT}/Manifest.lock",
			);
			name = "[CP] Check Pods Manifest.lock";
			outputFileListPaths = (
			);
			outputPaths = (
				"$(DERIVED_FILE_DIR)/Pods-MultiList-checkManifestLockResult.txt",
			);
			runOnlyForDeploymentPostprocessing = 0;
			shellPath = /bin/sh;
			shellScript = "diff \"${PODS_PODFILE_DIR_PATH}/Podfile.lock\" \"${PODS_ROOT}/Manifest.lock\" > /dev/null\nif [ $? != 0 ] ; then\n    # print error to STDERR\n    echo \"error: The sandbox is not in sync with the Podfile.lock. Run 'pod install' or update your CocoaPods installation.\" >&2\n    exit 1\nfi\n# This output is used by Xcode 'outputs' to avoid re-running this script phase.\necho \"SUCCESS\" > \"${SCRIPT_OUTPUT_FILE_0}\"\n";
			showEnvVarsInLog = 0;
		};
/* End PBXShellScriptBuildPhase section */

/* Begin PBXSourcesBuildPhase section */
		1A704C5D2A806FE800CBEF26 /* Sources */ = {
			isa = PBXSourcesBuildPhase;
			buildActionMask = 2147483647;
			files = (
				1A4E7F982A92EFC80009D0B6 /* PaletteView.swift in Sources */,
				1AF113FD2A9D75810098C87F /* WebView.swift in Sources */,
				1A4E7FA42A94401B0009D0B6 /* CheckListView1.swift in Sources */,
				1A8412482A80A66900BD1BF5 /* HomeView.swift in Sources */,
				1AF113F42A94AD270098C87F /* AddButton.swift in Sources */,
				1A4E7F882A8C66D60009D0B6 /* ListView.swift in Sources */,
				1ADB95FB2AC7F82F00005BEF /* ReservationListImage.swift in Sources */,
				1A4E7F8F2A8F30330009D0B6 /* NotSettedView.swift in Sources */,
				1A704C782A8070A300CBEF26 /* LoginView.swift in Sources */,
				1A6FA1342AC8170E0067F464 /* SettedTextListViewModel.swift in Sources */,
				1A4E7FAC2A9493C20009D0B6 /* LinkListView1.swift in Sources */,
				1ACAEB832ACBFB51004AB73A /* CustomButtonsViews.swift in Sources */,
				1A824BA22AC2832B00874762 /* MyItemViewModel.swift in Sources */,
				1A4E7F8D2A8C69640009D0B6 /* CustomView.swift in Sources */,
				1A6FA1322AC817080067F464 /* SettedTextListView.swift in Sources */,
				1AF114172AA56C9E0098C87F /* SectionStorageView.swift in Sources */,
				1ADB95F72AC7F27A00005BEF /* TextListImage.swift in Sources */,
				1AF113F62A95EB4C0098C87F /* UserData.swift in Sources */,
				1A824B912AC1606A00874762 /* PhotosPickerView.swift in Sources */,
				1A39D8992AB146B400E4631E /* ImageExtension.swift in Sources */,
				1A4E7FAE2A9493CB0009D0B6 /* LinkListViewModel.swift in Sources */,
				1A4E7F842A8C4E910009D0B6 /* CustomProgressView.swift in Sources */,
				1AF114122AA1AAFF0098C87F /* SharePeopleListViewModel.swift in Sources */,
				1AF1141E2AA71A3E0098C87F /* SectionListModel.swift in Sources */,
				1AF114192AA56CAB0098C87F /* SectionStorageViewModel.swift in Sources */,
				1AF114102AA1AAF10098C87F /* SharePeopleListView.swift in Sources */,
				1AF114092A9F36130098C87F /* ShareSheetViewModel.swift in Sources */,
				1A824B932AC1630600874762 /* PhotosPickerViewModel.swift in Sources */,
				1AF114242AA71BA00098C87F /* ShareMultiListModel.swift in Sources */,
				1AF1140B2A9F49370098C87F /* FindUserFriendView.swift in Sources */,
				1A824B9F2AC26BA200874762 /* MyItemView.swift in Sources */,
				1A8412602A860C1300BD1BF5 /* UserSettingView.swift in Sources */,
				1AF114222AA71A7C0098C87F /* MultiListModel.swift in Sources */,
				1A4E7F912A8F303B0009D0B6 /* NotSettedViewModel.swift in Sources */,
				1A84123F2A808D6C00BD1BF5 /* Langguages.swift in Sources */,
				1A84124A2A80A6C000BD1BF5 /* HomeViewModel.swift in Sources */,
				1ADB95F92AC7F6D200005BEF /* ReservationListModel.swift in Sources */,
				1A4E7F7E2A8B19120009D0B6 /* DetectOrientation.swift in Sources */,
				1A39D89E2AB4405E00E4631E /* SharedPeopleListView.swift in Sources */,
				1A4E7F822A8B5F8B0009D0B6 /* Helper.swift in Sources */,
				1A51BFF72AB962D5006A7671 /* LinkImage.swift in Sources */,
				1A4E7F962A92E98C0009D0B6 /* BlurView.swift in Sources */,
				1A0BD54C2ABC3B39005C862C /* MaskAndOrderdListView.swift in Sources */,
				1A39D88E2AAF183E00E4631E /* SettedCheckListView.swift in Sources */,
				1A4E7FA72A94408E0009D0B6 /* CheckListViewModel.swift in Sources */,
				1A4E7FB12A94945B0009D0B6 /* LinkListModel.swift in Sources */,
				1A824B8F2AC134B700874762 /* MyItemModel.swift in Sources */,
				1ADB95F42AC7E2C600005BEF /* TextListModel.swift in Sources */,
				1A4E7F7B2A89C4680009D0B6 /* ColorExtension.swift in Sources */,
				1A4E7F8A2A8C66DF0009D0B6 /* ListViewModel.swift in Sources */,
				1A39D8A02AB4406700E4631E /* SharedPeopleListViewModel.swift in Sources */,
				1A824B9A2AC262AC00874762 /* TextItemView.swift in Sources */,
				1A0BD54E2ABC53B8005C862C /* CheckListView.swift in Sources */,
				1A4E7F802A8B28620009D0B6 /* OrientationStackView.swift in Sources */,
				1A39D89B2AB149AF00E4631E /* sampleView.swift in Sources */,
				1AF1140D2A9F49460098C87F /* FindUserFriendViewModel.swift in Sources */,
				1A39D8A22AB83C8900E4631E /* TextListView.swift in Sources */,
				1A39D8932AAF187500E4631E /* SettedLinkListView.swift in Sources */,
				1AF114202AA71A690098C87F /* FriendModel.swift in Sources */,
				1A824B9C2AC262B400874762 /* TextItemViewModel.swift in Sources */,
				1A4E7F9F2A93597D0009D0B6 /* DetailMultiListView.swift in Sources */,
				1A8412652A860D8300BD1BF5 /* UserModel.swift in Sources */,
				1AF113F02A949FB00098C87F /* CheckListImge.swift in Sources */,
				1A704C6E2A806FE800CBEF26 /* Persistence.swift in Sources */,
				1A4E7F942A91D9A40009D0B6 /* CheckListModel.swift in Sources */,
				1AF114042A9F00350098C87F /* CustomAlertView.swift in Sources */,
				1A704C712A806FE800CBEF26 /* MultiList.xcdatamodeld in Sources */,
				1A704C672A806FE800CBEF26 /* ContentView.swift in Sources */,
				1A39D8952AAF188000E4631E /* SettedLinkListViewModel.swift in Sources */,
				1A704C7D2A8070D800CBEF26 /* LoginViewModel.swift in Sources */,
				1A39D8A92AB83D1B00E4631E /* ReservationListViewModel.swift in Sources */,
				1AF114062A9F35B80098C87F /* ShareSheetView.swift in Sources */,
				1AF113F22A94A4130098C87F /* LinkListImage.swift in Sources */,
				1A704C652A806FE800CBEF26 /* MultiListApp.swift in Sources */,
				1A39D8912AAF186200E4631E /* SettedCheckListViewModel.swift in Sources */,
				1A8412632A860C3A00BD1BF5 /* UserSettingViewModel.swift in Sources */,
				1AF1141C2AA6D05C0098C87F /* Sample.swift in Sources */,
				1A39D8A72AB83D1600E4631E /* ReservationListView.swift in Sources */,
				1AF113FA2A9D73190098C87F /* LinkWebView.swift in Sources */,
				1A704C7F2A80736400CBEF26 /* ButtonScaleEffect.swift in Sources */,
				1AF113F82A9C9FE00098C87F /* ListEmptyView.swift in Sources */,
				1A6FA1302AC811BA0067F464 /* LinkListView.swift in Sources */,
				1A4E7FA22A9359970009D0B6 /* DetailMultiListViewModel.swift in Sources */,
				1A39D8A42AB83C9000E4631E /* TextListViewModel.swift in Sources */,
			);
			runOnlyForDeploymentPostprocessing = 0;
		};
/* End PBXSourcesBuildPhase section */

/* Begin XCBuildConfiguration section */
		1A704C722A806FE800CBEF26 /* Debug */ = {
			isa = XCBuildConfiguration;
			buildSettings = {
				ALWAYS_SEARCH_USER_PATHS = NO;
				CLANG_ANALYZER_NONNULL = YES;
				CLANG_ANALYZER_NUMBER_OBJECT_CONVERSION = YES_AGGRESSIVE;
				CLANG_CXX_LANGUAGE_STANDARD = "gnu++20";
				CLANG_ENABLE_MODULES = YES;
				CLANG_ENABLE_OBJC_ARC = YES;
				CLANG_ENABLE_OBJC_WEAK = YES;
				CLANG_WARN_BLOCK_CAPTURE_AUTORELEASING = YES;
				CLANG_WARN_BOOL_CONVERSION = YES;
				CLANG_WARN_COMMA = YES;
				CLANG_WARN_CONSTANT_CONVERSION = YES;
				CLANG_WARN_DEPRECATED_OBJC_IMPLEMENTATIONS = YES;
				CLANG_WARN_DIRECT_OBJC_ISA_USAGE = YES_ERROR;
				CLANG_WARN_DOCUMENTATION_COMMENTS = YES;
				CLANG_WARN_EMPTY_BODY = YES;
				CLANG_WARN_ENUM_CONVERSION = YES;
				CLANG_WARN_INFINITE_RECURSION = YES;
				CLANG_WARN_INT_CONVERSION = YES;
				CLANG_WARN_NON_LITERAL_NULL_CONVERSION = YES;
				CLANG_WARN_OBJC_IMPLICIT_RETAIN_SELF = YES;
				CLANG_WARN_OBJC_LITERAL_CONVERSION = YES;
				CLANG_WARN_OBJC_ROOT_CLASS = YES_ERROR;
				CLANG_WARN_QUOTED_INCLUDE_IN_FRAMEWORK_HEADER = YES;
				CLANG_WARN_RANGE_LOOP_ANALYSIS = YES;
				CLANG_WARN_STRICT_PROTOTYPES = YES;
				CLANG_WARN_SUSPICIOUS_MOVE = YES;
				CLANG_WARN_UNGUARDED_AVAILABILITY = YES_AGGRESSIVE;
				CLANG_WARN_UNREACHABLE_CODE = YES;
				CLANG_WARN__DUPLICATE_METHOD_MATCH = YES;
				COPY_PHASE_STRIP = NO;
				DEBUG_INFORMATION_FORMAT = dwarf;
				ENABLE_STRICT_OBJC_MSGSEND = YES;
				ENABLE_TESTABILITY = YES;
				GCC_C_LANGUAGE_STANDARD = gnu11;
				GCC_DYNAMIC_NO_PIC = NO;
				GCC_NO_COMMON_BLOCKS = YES;
				GCC_OPTIMIZATION_LEVEL = 0;
				GCC_PREPROCESSOR_DEFINITIONS = (
					"DEBUG=1",
					"$(inherited)",
				);
				GCC_WARN_64_TO_32_BIT_CONVERSION = YES;
				GCC_WARN_ABOUT_RETURN_TYPE = YES_ERROR;
				GCC_WARN_UNDECLARED_SELECTOR = YES;
				GCC_WARN_UNINITIALIZED_AUTOS = YES_AGGRESSIVE;
				GCC_WARN_UNUSED_FUNCTION = YES;
				GCC_WARN_UNUSED_VARIABLE = YES;
				IPHONEOS_DEPLOYMENT_TARGET = 16.4;
				MTL_ENABLE_DEBUG_INFO = INCLUDE_SOURCE;
				MTL_FAST_MATH = YES;
				ONLY_ACTIVE_ARCH = YES;
				SDKROOT = iphoneos;
				SWIFT_ACTIVE_COMPILATION_CONDITIONS = DEBUG;
				SWIFT_OPTIMIZATION_LEVEL = "-Onone";
			};
			name = Debug;
		};
		1A704C732A806FE800CBEF26 /* Release */ = {
			isa = XCBuildConfiguration;
			buildSettings = {
				ALWAYS_SEARCH_USER_PATHS = NO;
				CLANG_ANALYZER_NONNULL = YES;
				CLANG_ANALYZER_NUMBER_OBJECT_CONVERSION = YES_AGGRESSIVE;
				CLANG_CXX_LANGUAGE_STANDARD = "gnu++20";
				CLANG_ENABLE_MODULES = YES;
				CLANG_ENABLE_OBJC_ARC = YES;
				CLANG_ENABLE_OBJC_WEAK = YES;
				CLANG_WARN_BLOCK_CAPTURE_AUTORELEASING = YES;
				CLANG_WARN_BOOL_CONVERSION = YES;
				CLANG_WARN_COMMA = YES;
				CLANG_WARN_CONSTANT_CONVERSION = YES;
				CLANG_WARN_DEPRECATED_OBJC_IMPLEMENTATIONS = YES;
				CLANG_WARN_DIRECT_OBJC_ISA_USAGE = YES_ERROR;
				CLANG_WARN_DOCUMENTATION_COMMENTS = YES;
				CLANG_WARN_EMPTY_BODY = YES;
				CLANG_WARN_ENUM_CONVERSION = YES;
				CLANG_WARN_INFINITE_RECURSION = YES;
				CLANG_WARN_INT_CONVERSION = YES;
				CLANG_WARN_NON_LITERAL_NULL_CONVERSION = YES;
				CLANG_WARN_OBJC_IMPLICIT_RETAIN_SELF = YES;
				CLANG_WARN_OBJC_LITERAL_CONVERSION = YES;
				CLANG_WARN_OBJC_ROOT_CLASS = YES_ERROR;
				CLANG_WARN_QUOTED_INCLUDE_IN_FRAMEWORK_HEADER = YES;
				CLANG_WARN_RANGE_LOOP_ANALYSIS = YES;
				CLANG_WARN_STRICT_PROTOTYPES = YES;
				CLANG_WARN_SUSPICIOUS_MOVE = YES;
				CLANG_WARN_UNGUARDED_AVAILABILITY = YES_AGGRESSIVE;
				CLANG_WARN_UNREACHABLE_CODE = YES;
				CLANG_WARN__DUPLICATE_METHOD_MATCH = YES;
				COPY_PHASE_STRIP = NO;
				DEBUG_INFORMATION_FORMAT = "dwarf-with-dsym";
				ENABLE_NS_ASSERTIONS = NO;
				ENABLE_STRICT_OBJC_MSGSEND = YES;
				GCC_C_LANGUAGE_STANDARD = gnu11;
				GCC_NO_COMMON_BLOCKS = YES;
				GCC_WARN_64_TO_32_BIT_CONVERSION = YES;
				GCC_WARN_ABOUT_RETURN_TYPE = YES_ERROR;
				GCC_WARN_UNDECLARED_SELECTOR = YES;
				GCC_WARN_UNINITIALIZED_AUTOS = YES_AGGRESSIVE;
				GCC_WARN_UNUSED_FUNCTION = YES;
				GCC_WARN_UNUSED_VARIABLE = YES;
				IPHONEOS_DEPLOYMENT_TARGET = 16.4;
				MTL_ENABLE_DEBUG_INFO = NO;
				MTL_FAST_MATH = YES;
				SDKROOT = iphoneos;
				SWIFT_COMPILATION_MODE = wholemodule;
				SWIFT_OPTIMIZATION_LEVEL = "-O";
				VALIDATE_PRODUCT = YES;
			};
			name = Release;
		};
		1A704C752A806FE800CBEF26 /* Debug */ = {
			isa = XCBuildConfiguration;
			baseConfigurationReference = 7C3426BF30FE3F8C622FF16D /* Pods-MultiList.debug.xcconfig */;
			buildSettings = {
				ASSETCATALOG_COMPILER_APPICON_NAME = AppIcon;
				ASSETCATALOG_COMPILER_GLOBAL_ACCENT_COLOR_NAME = AccentColor;
				CODE_SIGN_ENTITLEMENTS = MultiList/MultiList.entitlements;
				CODE_SIGN_STYLE = Automatic;
				CURRENT_PROJECT_VERSION = 1;
				DEVELOPMENT_ASSET_PATHS = "\"MultiList/Preview Content\"";
				DEVELOPMENT_TEAM = BAX6K368WN;
				ENABLE_PREVIEWS = YES;
				GENERATE_INFOPLIST_FILE = YES;
				INFOPLIST_FILE = MultiList/Info.plist;
				INFOPLIST_KEY_LSApplicationCategoryType = "";
				INFOPLIST_KEY_NSPhotoLibraryUsageDescription = "사용을 허가합니다.";
				INFOPLIST_KEY_UIApplicationSceneManifest_Generation = YES;
				INFOPLIST_KEY_UIApplicationSupportsIndirectInputEvents = YES;
				INFOPLIST_KEY_UILaunchScreen_Generation = YES;
				INFOPLIST_KEY_UISupportedInterfaceOrientations = "UIInterfaceOrientationLandscapeLeft UIInterfaceOrientationLandscapeRight UIInterfaceOrientationPortrait UIInterfaceOrientationPortraitUpsideDown";
				LD_RUNPATH_SEARCH_PATHS = (
					"$(inherited)",
					"@executable_path/Frameworks",
				);
				MARKETING_VERSION = 1.0;
				PRODUCT_BUNDLE_IDENTIFIER = yeonhoc5.MultiList;
				PRODUCT_NAME = "$(TARGET_NAME)";
				SWIFT_EMIT_LOC_STRINGS = YES;
				SWIFT_VERSION = 5.0;
				TARGETED_DEVICE_FAMILY = "1,2";
			};
			name = Debug;
		};
		1A704C762A806FE800CBEF26 /* Release */ = {
			isa = XCBuildConfiguration;
			baseConfigurationReference = 7025139252B8DB5F5116C693 /* Pods-MultiList.release.xcconfig */;
			buildSettings = {
				ASSETCATALOG_COMPILER_APPICON_NAME = AppIcon;
				ASSETCATALOG_COMPILER_GLOBAL_ACCENT_COLOR_NAME = AccentColor;
				CODE_SIGN_ENTITLEMENTS = MultiList/MultiList.entitlements;
				CODE_SIGN_STYLE = Automatic;
				CURRENT_PROJECT_VERSION = 1;
				DEVELOPMENT_ASSET_PATHS = "\"MultiList/Preview Content\"";
				DEVELOPMENT_TEAM = BAX6K368WN;
				ENABLE_PREVIEWS = YES;
				GENERATE_INFOPLIST_FILE = YES;
				INFOPLIST_FILE = MultiList/Info.plist;
				INFOPLIST_KEY_LSApplicationCategoryType = "";
				INFOPLIST_KEY_NSPhotoLibraryUsageDescription = "사용을 허가합니다.";
				INFOPLIST_KEY_UIApplicationSceneManifest_Generation = YES;
				INFOPLIST_KEY_UIApplicationSupportsIndirectInputEvents = YES;
				INFOPLIST_KEY_UILaunchScreen_Generation = YES;
				INFOPLIST_KEY_UISupportedInterfaceOrientations = "UIInterfaceOrientationLandscapeLeft UIInterfaceOrientationLandscapeRight UIInterfaceOrientationPortrait UIInterfaceOrientationPortraitUpsideDown";
				LD_RUNPATH_SEARCH_PATHS = (
					"$(inherited)",
					"@executable_path/Frameworks",
				);
				MARKETING_VERSION = 1.0;
				PRODUCT_BUNDLE_IDENTIFIER = yeonhoc5.MultiList;
				PRODUCT_NAME = "$(TARGET_NAME)";
				SWIFT_EMIT_LOC_STRINGS = YES;
				SWIFT_VERSION = 5.0;
				TARGETED_DEVICE_FAMILY = "1,2";
			};
			name = Release;
		};
/* End XCBuildConfiguration section */

/* Begin XCConfigurationList section */
		1A704C5C2A806FE800CBEF26 /* Build configuration list for PBXProject "MultiList" */ = {
			isa = XCConfigurationList;
			buildConfigurations = (
				1A704C722A806FE800CBEF26 /* Debug */,
				1A704C732A806FE800CBEF26 /* Release */,
			);
			defaultConfigurationIsVisible = 0;
			defaultConfigurationName = Release;
		};
		1A704C742A806FE800CBEF26 /* Build configuration list for PBXNativeTarget "MultiList" */ = {
			isa = XCConfigurationList;
			buildConfigurations = (
				1A704C752A806FE800CBEF26 /* Debug */,
				1A704C762A806FE800CBEF26 /* Release */,
			);
			defaultConfigurationIsVisible = 0;
			defaultConfigurationName = Release;
		};
/* End XCConfigurationList section */

/* Begin XCRemoteSwiftPackageReference section */
		1A4E7FA82A944F420009D0B6 /* XCRemoteSwiftPackageReference "SwiftUI-PieChart" */ = {
			isa = XCRemoteSwiftPackageReference;
			repositoryURL = "https://github.com/skw398/SwiftUI-PieChart.git";
			requirement = {
				kind = upToNextMajorVersion;
				minimumVersion = 0.3.0;
			};
		};
		1A8412312A8081EF00BD1BF5 /* XCRemoteSwiftPackageReference "firebase-ios-sdk" */ = {
			isa = XCRemoteSwiftPackageReference;
			repositoryURL = "https://github.com/firebase/firebase-ios-sdk";
			requirement = {
				kind = upToNextMajorVersion;
				minimumVersion = 10.0.0;
			};
		};
		1A8412412A80987D00BD1BF5 /* XCRemoteSwiftPackageReference "GoogleSignIn-iOS" */ = {
			isa = XCRemoteSwiftPackageReference;
			repositoryURL = "https://github.com/google/GoogleSignIn-iOS";
			requirement = {
				kind = upToNextMajorVersion;
				minimumVersion = 7.0.0;
			};
		};
		1A84124E2A82571800BD1BF5 /* XCRemoteSwiftPackageReference "kakao-ios-sdk" */ = {
			isa = XCRemoteSwiftPackageReference;
			repositoryURL = "https://github.com/kakao/kakao-ios-sdk";
			requirement = {
				kind = upToNextMajorVersion;
				minimumVersion = 2.0.0;
			};
		};
/* End XCRemoteSwiftPackageReference section */

/* Begin XCSwiftPackageProductDependency section */
		1A4E7FA92A944F420009D0B6 /* PieChart */ = {
			isa = XCSwiftPackageProductDependency;
			package = 1A4E7FA82A944F420009D0B6 /* XCRemoteSwiftPackageReference "SwiftUI-PieChart" */;
			productName = PieChart;
		};
		1A8412322A8081EF00BD1BF5 /* FirebaseAuth */ = {
			isa = XCSwiftPackageProductDependency;
			package = 1A8412312A8081EF00BD1BF5 /* XCRemoteSwiftPackageReference "firebase-ios-sdk" */;
			productName = FirebaseAuth;
		};
		1A8412342A8081EF00BD1BF5 /* FirebaseFirestore */ = {
			isa = XCSwiftPackageProductDependency;
			package = 1A8412312A8081EF00BD1BF5 /* XCRemoteSwiftPackageReference "firebase-ios-sdk" */;
			productName = FirebaseFirestore;
		};
		1A8412362A8081EF00BD1BF5 /* FirebaseRemoteConfig */ = {
			isa = XCSwiftPackageProductDependency;
			package = 1A8412312A8081EF00BD1BF5 /* XCRemoteSwiftPackageReference "firebase-ios-sdk" */;
			productName = FirebaseRemoteConfig;
		};
		1A8412382A8081EF00BD1BF5 /* FirebaseStorage */ = {
			isa = XCSwiftPackageProductDependency;
			package = 1A8412312A8081EF00BD1BF5 /* XCRemoteSwiftPackageReference "firebase-ios-sdk" */;
			productName = FirebaseStorage;
		};
		1A8412422A80987D00BD1BF5 /* GoogleSignIn */ = {
			isa = XCSwiftPackageProductDependency;
			package = 1A8412412A80987D00BD1BF5 /* XCRemoteSwiftPackageReference "GoogleSignIn-iOS" */;
			productName = GoogleSignIn;
		};
		1A84124F2A82571800BD1BF5 /* KakaoSDKAuth */ = {
			isa = XCSwiftPackageProductDependency;
			package = 1A84124E2A82571800BD1BF5 /* XCRemoteSwiftPackageReference "kakao-ios-sdk" */;
			productName = KakaoSDKAuth;
		};
		1A8412512A82571800BD1BF5 /* KakaoSDKCommon */ = {
			isa = XCSwiftPackageProductDependency;
			package = 1A84124E2A82571800BD1BF5 /* XCRemoteSwiftPackageReference "kakao-ios-sdk" */;
			productName = KakaoSDKCommon;
		};
		1A8412532A82571800BD1BF5 /* KakaoSDKShare */ = {
			isa = XCSwiftPackageProductDependency;
			package = 1A84124E2A82571800BD1BF5 /* XCRemoteSwiftPackageReference "kakao-ios-sdk" */;
			productName = KakaoSDKShare;
		};
		1A8412552A82571800BD1BF5 /* KakaoSDKUser */ = {
			isa = XCSwiftPackageProductDependency;
			package = 1A84124E2A82571800BD1BF5 /* XCRemoteSwiftPackageReference "kakao-ios-sdk" */;
			productName = KakaoSDKUser;
		};
/* End XCSwiftPackageProductDependency section */

/* Begin XCVersionGroup section */
		1A704C6F2A806FE800CBEF26 /* MultiList.xcdatamodeld */ = {
			isa = XCVersionGroup;
			children = (
				1A704C702A806FE800CBEF26 /* MultiList.xcdatamodel */,
			);
			currentVersion = 1A704C702A806FE800CBEF26 /* MultiList.xcdatamodel */;
			path = MultiList.xcdatamodeld;
			sourceTree = "<group>";
			versionGroupType = wrapper.xcdatamodel;
		};
/* End XCVersionGroup section */
	};
	rootObject = 1A704C592A806FE800CBEF26 /* Project object */;
}
